// !$*UTF8*$!
{
	archiveVersion = 1;
	classes = {
	};
	objectVersion = 46;
	objects = {

/* Begin PBXBuildFile section */
		2CAF613C1E7B229B00876C4D /* Utils.swift in Sources */ = {isa = PBXBuildFile; fileRef = 2CAF613B1E7B229B00876C4D /* Utils.swift */; };
		4C082A881E7E531A00EFD483 /* BecomeTutorPartTwoViewController.swift in Sources */ = {isa = PBXBuildFile; fileRef = 4C082A871E7E531A00EFD483 /* BecomeTutorPartTwoViewController.swift */; };
		4C082A8A1E7E5D1E00EFD483 /* SideMenuTableViewController.swift in Sources */ = {isa = PBXBuildFile; fileRef = 4C082A891E7E5D1E00EFD483 /* SideMenuTableViewController.swift */; };
		4C0D71011E90F59E00E7A108 /* NewsFeedViewController.swift in Sources */ = {isa = PBXBuildFile; fileRef = 4C0D71001E90F59E00E7A108 /* NewsFeedViewController.swift */; };
		4C0D71031E90F5C200E7A108 /* PublicFeedTableViewController.swift in Sources */ = {isa = PBXBuildFile; fileRef = 4C0D71021E90F5C200E7A108 /* PublicFeedTableViewController.swift */; };
		4C0D71051E90F5CF00E7A108 /* PrivateFeedTableViewController.swift in Sources */ = {isa = PBXBuildFile; fileRef = 4C0D71041E90F5CF00E7A108 /* PrivateFeedTableViewController.swift */; };
		4C0D71071E90FBD900E7A108 /* PublicTableViewCell.swift in Sources */ = {isa = PBXBuildFile; fileRef = 4C0D71061E90FBD900E7A108 /* PublicTableViewCell.swift */; };
		4C0D71091E90FBE300E7A108 /* PrivateTableViewCell.swift in Sources */ = {isa = PBXBuildFile; fileRef = 4C0D71081E90FBE300E7A108 /* PrivateTableViewCell.swift */; };
		4C0D710B1E90FC4A00E7A108 /* CustomRoundImageView.swift in Sources */ = {isa = PBXBuildFile; fileRef = 4C0D710A1E90FC4A00E7A108 /* CustomRoundImageView.swift */; };
		4C0D710D1E91021B00E7A108 /* PicturesCollectionViewCell.swift in Sources */ = {isa = PBXBuildFile; fileRef = 4C0D710C1E91021B00E7A108 /* PicturesCollectionViewCell.swift */; };
		4C682A7D1E90D6BF00DEA494 /* SideMenu.storyboard in Resources */ = {isa = PBXBuildFile; fileRef = 4C682A7C1E90D6BF00DEA494 /* SideMenu.storyboard */; };
		4C682A7F1E90D7B300DEA494 /* BecomeTutor.storyboard in Resources */ = {isa = PBXBuildFile; fileRef = 4C682A7E1E90D7B300DEA494 /* BecomeTutor.storyboard */; };
		4C682A811E90DD0D00DEA494 /* CustomTextField.swift in Sources */ = {isa = PBXBuildFile; fileRef = 4C682A801E90DD0D00DEA494 /* CustomTextField.swift */; };
		4C682A831E90E08600DEA494 /* CustomTextView.swift in Sources */ = {isa = PBXBuildFile; fileRef = 4C682A821E90E08600DEA494 /* CustomTextView.swift */; };
		4C682A851E90E24E00DEA494 /* CustomRoundButton.swift in Sources */ = {isa = PBXBuildFile; fileRef = 4C682A841E90E24E00DEA494 /* CustomRoundButton.swift */; };
		4C682A8A1E90E65400DEA494 /* Profile.storyboard in Resources */ = {isa = PBXBuildFile; fileRef = 4C682A891E90E65400DEA494 /* Profile.storyboard */; };
		4C682A8D1E90E66900DEA494 /* Login.storyboard in Resources */ = {isa = PBXBuildFile; fileRef = 4C682A8C1E90E66900DEA494 /* Login.storyboard */; };
		4C682A901E90E69100DEA494 /* AddCard.storyboard in Resources */ = {isa = PBXBuildFile; fileRef = 4C682A8F1E90E69100DEA494 /* AddCard.storyboard */; };
		4C682A921E90E69A00DEA494 /* ListCard.storyboard in Resources */ = {isa = PBXBuildFile; fileRef = 4C682A911E90E69A00DEA494 /* ListCard.storyboard */; };
		4C682A941E90E6B100DEA494 /* NewPost.storyboard in Resources */ = {isa = PBXBuildFile; fileRef = 4C682A931E90E6B100DEA494 /* NewPost.storyboard */; };
		4C682A971E90E6CA00DEA494 /* NewsFeed.storyboard in Resources */ = {isa = PBXBuildFile; fileRef = 4C682A961E90E6CA00DEA494 /* NewsFeed.storyboard */; };
		4C682AA11E90EBE200DEA494 /* CustomMenuBarButton.swift in Sources */ = {isa = PBXBuildFile; fileRef = 4C682AA01E90EBE200DEA494 /* CustomMenuBarButton.swift */; };
		4CCD80C31E7E48B9000644B1 /* AddCardViewController.swift in Sources */ = {isa = PBXBuildFile; fileRef = 4CCD80C21E7E48B9000644B1 /* AddCardViewController.swift */; };
		4CCD80C51E7E506C000644B1 /* BecomeTutorPartOneViewController.swift in Sources */ = {isa = PBXBuildFile; fileRef = 4CCD80C41E7E506C000644B1 /* BecomeTutorPartOneViewController.swift */; };
		4CECE5D21E91043F0019D640 /* Wallet.storyboard in Resources */ = {isa = PBXBuildFile; fileRef = 4CECE5D11E91043F0019D640 /* Wallet.storyboard */; };
		4CECE5D41E91044F0019D640 /* WalletTableViewController.swift in Sources */ = {isa = PBXBuildFile; fileRef = 4CECE5D31E91044F0019D640 /* WalletTableViewController.swift */; };
		4CECE5D71E9104850019D640 /* MessagesViewController.swift in Sources */ = {isa = PBXBuildFile; fileRef = 4CECE5D61E9104850019D640 /* MessagesViewController.swift */; };
		4CECE5D91E9104950019D640 /* Messages.storyboard in Resources */ = {isa = PBXBuildFile; fileRef = 4CECE5D81E9104950019D640 /* Messages.storyboard */; };
		4CECE5DB1E9104A90019D640 /* MessagesListTableViewController.swift in Sources */ = {isa = PBXBuildFile; fileRef = 4CECE5DA1E9104A90019D640 /* MessagesListTableViewController.swift */; };
		4CECE5DE1E9104F20019D640 /* ScheduleTableViewController.swift in Sources */ = {isa = PBXBuildFile; fileRef = 4CECE5DD1E9104F20019D640 /* ScheduleTableViewController.swift */; };
		4CECE5E01E9104FD0019D640 /* Schedule.storyboard in Resources */ = {isa = PBXBuildFile; fileRef = 4CECE5DF1E9104FD0019D640 /* Schedule.storyboard */; };
		4CECE5E21E910B800019D640 /* PostDetail.storyboard in Resources */ = {isa = PBXBuildFile; fileRef = 4CECE5E11E910B800019D640 /* PostDetail.storyboard */; };
		4CECE5E41E9111EF0019D640 /* CardListTableViewController.swift in Sources */ = {isa = PBXBuildFile; fileRef = 4CECE5E31E9111EF0019D640 /* CardListTableViewController.swift */; };
		4CECE5E61E91139B0019D640 /* CardListTableViewCell.swift in Sources */ = {isa = PBXBuildFile; fileRef = 4CECE5E51E91139B0019D640 /* CardListTableViewCell.swift */; };
		4CECE5E91E9114FE0019D640 /* Timer.storyboard in Resources */ = {isa = PBXBuildFile; fileRef = 4CECE5E81E9114FE0019D640 /* Timer.storyboard */; };
		4CECE5EB1E9115170019D640 /* TimerViewController.swift in Sources */ = {isa = PBXBuildFile; fileRef = 4CECE5EA1E9115170019D640 /* TimerViewController.swift */; };
		4CECE5ED1E9188E90019D640 /* ProfileViewController.swift in Sources */ = {isa = PBXBuildFile; fileRef = 4CECE5EC1E9188E90019D640 /* ProfileViewController.swift */; };
		4CECE5EF1E918BF20019D640 /* ReviewTableViewCell.swift in Sources */ = {isa = PBXBuildFile; fileRef = 4CECE5EE1E918BF20019D640 /* ReviewTableViewCell.swift */; };
		4CECE5F11E918C0F0019D640 /* SeekingTutorTableViewCell.swift in Sources */ = {isa = PBXBuildFile; fileRef = 4CECE5F01E918C0F0019D640 /* SeekingTutorTableViewCell.swift */; };
		4CECE5F31E918FCB0019D640 /* MessagesTableViewCell.swift in Sources */ = {isa = PBXBuildFile; fileRef = 4CECE5F21E918FCB0019D640 /* MessagesTableViewCell.swift */; };
		4CECE5F51E9192B00019D640 /* GoogleService-Info.plist in Resources */ = {isa = PBXBuildFile; fileRef = 4CECE5F41E9192B00019D640 /* GoogleService-Info.plist */; };
		4CF45AE71E7B0DF000768999 /* AppDelegate.swift in Sources */ = {isa = PBXBuildFile; fileRef = 4CF45AE61E7B0DF000768999 /* AppDelegate.swift */; };
		4CF45AEC1E7B0DF000768999 /* Main.storyboard in Resources */ = {isa = PBXBuildFile; fileRef = 4CF45AEA1E7B0DF000768999 /* Main.storyboard */; };
		4CF45AEE1E7B0DF000768999 /* Assets.xcassets in Resources */ = {isa = PBXBuildFile; fileRef = 4CF45AED1E7B0DF000768999 /* Assets.xcassets */; };
		4CF45AF11E7B0DF000768999 /* LaunchScreen.storyboard in Resources */ = {isa = PBXBuildFile; fileRef = 4CF45AEF1E7B0DF000768999 /* LaunchScreen.storyboard */; };
		4CF45AF91E7B115F00768999 /* LoginViewController.swift in Sources */ = {isa = PBXBuildFile; fileRef = 4CF45AF81E7B115F00768999 /* LoginViewController.swift */; };
		4CF45AFD1E7B19B500768999 /* PostViewController.swift in Sources */ = {isa = PBXBuildFile; fileRef = 4CF45AFC1E7B19B500768999 /* PostViewController.swift */; };
		5A03F38F49C52473E1BA2467 /* Pods_Geeni_iOS.framework in Frameworks */ = {isa = PBXBuildFile; fileRef = BFF9E2D3AD97B6DB4D737B3B /* Pods_Geeni_iOS.framework */; };
/* End PBXBuildFile section */

/* Begin PBXFileReference section */
		2CAF613B1E7B229B00876C4D /* Utils.swift */ = {isa = PBXFileReference; fileEncoding = 4; lastKnownFileType = sourcecode.swift; path = Utils.swift; sourceTree = "<group>"; };
		4C082A871E7E531A00EFD483 /* BecomeTutorPartTwoViewController.swift */ = {isa = PBXFileReference; fileEncoding = 4; lastKnownFileType = sourcecode.swift; path = BecomeTutorPartTwoViewController.swift; sourceTree = "<group>"; };
		4C082A891E7E5D1E00EFD483 /* SideMenuTableViewController.swift */ = {isa = PBXFileReference; fileEncoding = 4; lastKnownFileType = sourcecode.swift; path = SideMenuTableViewController.swift; sourceTree = "<group>"; };
		4C0D71001E90F59E00E7A108 /* NewsFeedViewController.swift */ = {isa = PBXFileReference; fileEncoding = 4; lastKnownFileType = sourcecode.swift; path = NewsFeedViewController.swift; sourceTree = "<group>"; };
		4C0D71021E90F5C200E7A108 /* PublicFeedTableViewController.swift */ = {isa = PBXFileReference; fileEncoding = 4; lastKnownFileType = sourcecode.swift; path = PublicFeedTableViewController.swift; sourceTree = "<group>"; };
		4C0D71041E90F5CF00E7A108 /* PrivateFeedTableViewController.swift */ = {isa = PBXFileReference; fileEncoding = 4; lastKnownFileType = sourcecode.swift; path = PrivateFeedTableViewController.swift; sourceTree = "<group>"; };
		4C0D71061E90FBD900E7A108 /* PublicTableViewCell.swift */ = {isa = PBXFileReference; fileEncoding = 4; lastKnownFileType = sourcecode.swift; path = PublicTableViewCell.swift; sourceTree = "<group>"; };
		4C0D71081E90FBE300E7A108 /* PrivateTableViewCell.swift */ = {isa = PBXFileReference; fileEncoding = 4; lastKnownFileType = sourcecode.swift; path = PrivateTableViewCell.swift; sourceTree = "<group>"; };
		4C0D710A1E90FC4A00E7A108 /* CustomRoundImageView.swift */ = {isa = PBXFileReference; fileEncoding = 4; lastKnownFileType = sourcecode.swift; path = CustomRoundImageView.swift; sourceTree = "<group>"; };
		4C0D710C1E91021B00E7A108 /* PicturesCollectionViewCell.swift */ = {isa = PBXFileReference; fileEncoding = 4; lastKnownFileType = sourcecode.swift; path = PicturesCollectionViewCell.swift; sourceTree = "<group>"; };
		4C682A7C1E90D6BF00DEA494 /* SideMenu.storyboard */ = {isa = PBXFileReference; fileEncoding = 4; lastKnownFileType = file.storyboard; path = SideMenu.storyboard; sourceTree = "<group>"; };
		4C682A7E1E90D7B300DEA494 /* BecomeTutor.storyboard */ = {isa = PBXFileReference; fileEncoding = 4; lastKnownFileType = file.storyboard; path = BecomeTutor.storyboard; sourceTree = "<group>"; };
		4C682A801E90DD0D00DEA494 /* CustomTextField.swift */ = {isa = PBXFileReference; fileEncoding = 4; lastKnownFileType = sourcecode.swift; path = CustomTextField.swift; sourceTree = "<group>"; };
		4C682A821E90E08600DEA494 /* CustomTextView.swift */ = {isa = PBXFileReference; fileEncoding = 4; lastKnownFileType = sourcecode.swift; path = CustomTextView.swift; sourceTree = "<group>"; };
		4C682A841E90E24E00DEA494 /* CustomRoundButton.swift */ = {isa = PBXFileReference; fileEncoding = 4; lastKnownFileType = sourcecode.swift; path = CustomRoundButton.swift; sourceTree = "<group>"; };
		4C682A891E90E65400DEA494 /* Profile.storyboard */ = {isa = PBXFileReference; fileEncoding = 4; lastKnownFileType = file.storyboard; path = Profile.storyboard; sourceTree = "<group>"; };
		4C682A8C1E90E66900DEA494 /* Login.storyboard */ = {isa = PBXFileReference; fileEncoding = 4; lastKnownFileType = file.storyboard; path = Login.storyboard; sourceTree = "<group>"; };
		4C682A8F1E90E69100DEA494 /* AddCard.storyboard */ = {isa = PBXFileReference; fileEncoding = 4; lastKnownFileType = file.storyboard; path = AddCard.storyboard; sourceTree = "<group>"; };
		4C682A911E90E69A00DEA494 /* ListCard.storyboard */ = {isa = PBXFileReference; fileEncoding = 4; lastKnownFileType = file.storyboard; path = ListCard.storyboard; sourceTree = "<group>"; };
		4C682A931E90E6B100DEA494 /* NewPost.storyboard */ = {isa = PBXFileReference; fileEncoding = 4; lastKnownFileType = file.storyboard; path = NewPost.storyboard; sourceTree = "<group>"; };
		4C682A961E90E6CA00DEA494 /* NewsFeed.storyboard */ = {isa = PBXFileReference; fileEncoding = 4; lastKnownFileType = file.storyboard; path = NewsFeed.storyboard; sourceTree = "<group>"; };
		4C682AA01E90EBE200DEA494 /* CustomMenuBarButton.swift */ = {isa = PBXFileReference; fileEncoding = 4; lastKnownFileType = sourcecode.swift; path = CustomMenuBarButton.swift; sourceTree = "<group>"; };
		4CCD80C21E7E48B9000644B1 /* AddCardViewController.swift */ = {isa = PBXFileReference; fileEncoding = 4; lastKnownFileType = sourcecode.swift; path = AddCardViewController.swift; sourceTree = "<group>"; };
		4CCD80C41E7E506C000644B1 /* BecomeTutorPartOneViewController.swift */ = {isa = PBXFileReference; fileEncoding = 4; lastKnownFileType = sourcecode.swift; path = BecomeTutorPartOneViewController.swift; sourceTree = "<group>"; };
		4CECE5D11E91043F0019D640 /* Wallet.storyboard */ = {isa = PBXFileReference; fileEncoding = 4; lastKnownFileType = file.storyboard; path = Wallet.storyboard; sourceTree = "<group>"; };
		4CECE5D31E91044F0019D640 /* WalletTableViewController.swift */ = {isa = PBXFileReference; fileEncoding = 4; lastKnownFileType = sourcecode.swift; path = WalletTableViewController.swift; sourceTree = "<group>"; };
		4CECE5D61E9104850019D640 /* MessagesViewController.swift */ = {isa = PBXFileReference; fileEncoding = 4; lastKnownFileType = sourcecode.swift; path = MessagesViewController.swift; sourceTree = "<group>"; };
		4CECE5D81E9104950019D640 /* Messages.storyboard */ = {isa = PBXFileReference; fileEncoding = 4; lastKnownFileType = file.storyboard; path = Messages.storyboard; sourceTree = "<group>"; };
		4CECE5DA1E9104A90019D640 /* MessagesListTableViewController.swift */ = {isa = PBXFileReference; fileEncoding = 4; lastKnownFileType = sourcecode.swift; path = MessagesListTableViewController.swift; sourceTree = "<group>"; };
		4CECE5DD1E9104F20019D640 /* ScheduleTableViewController.swift */ = {isa = PBXFileReference; fileEncoding = 4; lastKnownFileType = sourcecode.swift; path = ScheduleTableViewController.swift; sourceTree = "<group>"; };
		4CECE5DF1E9104FD0019D640 /* Schedule.storyboard */ = {isa = PBXFileReference; fileEncoding = 4; lastKnownFileType = file.storyboard; path = Schedule.storyboard; sourceTree = "<group>"; };
		4CECE5E11E910B800019D640 /* PostDetail.storyboard */ = {isa = PBXFileReference; fileEncoding = 4; lastKnownFileType = file.storyboard; path = PostDetail.storyboard; sourceTree = "<group>"; };
		4CECE5E31E9111EF0019D640 /* CardListTableViewController.swift */ = {isa = PBXFileReference; fileEncoding = 4; lastKnownFileType = sourcecode.swift; path = CardListTableViewController.swift; sourceTree = "<group>"; };
		4CECE5E51E91139B0019D640 /* CardListTableViewCell.swift */ = {isa = PBXFileReference; fileEncoding = 4; lastKnownFileType = sourcecode.swift; path = CardListTableViewCell.swift; sourceTree = "<group>"; };
		4CECE5E81E9114FE0019D640 /* Timer.storyboard */ = {isa = PBXFileReference; fileEncoding = 4; lastKnownFileType = file.storyboard; path = Timer.storyboard; sourceTree = "<group>"; };
		4CECE5EA1E9115170019D640 /* TimerViewController.swift */ = {isa = PBXFileReference; fileEncoding = 4; lastKnownFileType = sourcecode.swift; path = TimerViewController.swift; sourceTree = "<group>"; };
		4CECE5EC1E9188E90019D640 /* ProfileViewController.swift */ = {isa = PBXFileReference; fileEncoding = 4; lastKnownFileType = sourcecode.swift; path = ProfileViewController.swift; sourceTree = "<group>"; };
		4CECE5EE1E918BF20019D640 /* ReviewTableViewCell.swift */ = {isa = PBXFileReference; fileEncoding = 4; lastKnownFileType = sourcecode.swift; path = ReviewTableViewCell.swift; sourceTree = "<group>"; };
		4CECE5F01E918C0F0019D640 /* SeekingTutorTableViewCell.swift */ = {isa = PBXFileReference; fileEncoding = 4; lastKnownFileType = sourcecode.swift; path = SeekingTutorTableViewCell.swift; sourceTree = "<group>"; };
		4CECE5F21E918FCB0019D640 /* MessagesTableViewCell.swift */ = {isa = PBXFileReference; fileEncoding = 4; lastKnownFileType = sourcecode.swift; path = MessagesTableViewCell.swift; sourceTree = "<group>"; };
		4CECE5F41E9192B00019D640 /* GoogleService-Info.plist */ = {isa = PBXFileReference; fileEncoding = 4; lastKnownFileType = text.plist.xml; path = "GoogleService-Info.plist"; sourceTree = "<group>"; };
		4CF45AE31E7B0DF000768999 /* Geeni-iOS.app */ = {isa = PBXFileReference; explicitFileType = wrapper.application; includeInIndex = 0; path = "Geeni-iOS.app"; sourceTree = BUILT_PRODUCTS_DIR; };
		4CF45AE61E7B0DF000768999 /* AppDelegate.swift */ = {isa = PBXFileReference; lastKnownFileType = sourcecode.swift; path = AppDelegate.swift; sourceTree = "<group>"; };
		4CF45AEB1E7B0DF000768999 /* Base */ = {isa = PBXFileReference; lastKnownFileType = file.storyboard; name = Base; path = Base.lproj/Main.storyboard; sourceTree = "<group>"; };
		4CF45AED1E7B0DF000768999 /* Assets.xcassets */ = {isa = PBXFileReference; lastKnownFileType = folder.assetcatalog; path = Assets.xcassets; sourceTree = "<group>"; };
		4CF45AF01E7B0DF000768999 /* Base */ = {isa = PBXFileReference; lastKnownFileType = file.storyboard; name = Base; path = Base.lproj/LaunchScreen.storyboard; sourceTree = "<group>"; };
		4CF45AF21E7B0DF000768999 /* Info.plist */ = {isa = PBXFileReference; lastKnownFileType = text.plist.xml; path = Info.plist; sourceTree = "<group>"; };
		4CF45AF81E7B115F00768999 /* LoginViewController.swift */ = {isa = PBXFileReference; fileEncoding = 4; lastKnownFileType = sourcecode.swift; path = LoginViewController.swift; sourceTree = "<group>"; };
		4CF45AFC1E7B19B500768999 /* PostViewController.swift */ = {isa = PBXFileReference; fileEncoding = 4; lastKnownFileType = sourcecode.swift; path = PostViewController.swift; sourceTree = "<group>"; };
		6EBAEB2CA1C7CF6A6EBEA45E /* Pods-Geeni-iOS.debug.xcconfig */ = {isa = PBXFileReference; includeInIndex = 1; lastKnownFileType = text.xcconfig; name = "Pods-Geeni-iOS.debug.xcconfig"; path = "Pods/Target Support Files/Pods-Geeni-iOS/Pods-Geeni-iOS.debug.xcconfig"; sourceTree = "<group>"; };
		BFF9E2D3AD97B6DB4D737B3B /* Pods_Geeni_iOS.framework */ = {isa = PBXFileReference; explicitFileType = wrapper.framework; includeInIndex = 0; path = Pods_Geeni_iOS.framework; sourceTree = BUILT_PRODUCTS_DIR; };
		E2C728534B69344A2502220C /* Pods-Geeni-iOS.release.xcconfig */ = {isa = PBXFileReference; includeInIndex = 1; lastKnownFileType = text.xcconfig; name = "Pods-Geeni-iOS.release.xcconfig"; path = "Pods/Target Support Files/Pods-Geeni-iOS/Pods-Geeni-iOS.release.xcconfig"; sourceTree = "<group>"; };
/* End PBXFileReference section */

/* Begin PBXFrameworksBuildPhase section */
		4CF45AE01E7B0DF000768999 /* Frameworks */ = {
			isa = PBXFrameworksBuildPhase;
			buildActionMask = 2147483647;
			files = (
				5A03F38F49C52473E1BA2467 /* Pods_Geeni_iOS.framework in Frameworks */,
			);
			runOnlyForDeploymentPostprocessing = 0;
		};
/* End PBXFrameworksBuildPhase section */

/* Begin PBXGroup section */
		02D5748AA4DDFDAAC7AE7618 /* Frameworks */ = {
			isa = PBXGroup;
			children = (
				BFF9E2D3AD97B6DB4D737B3B /* Pods_Geeni_iOS.framework */,
			);
			name = Frameworks;
			sourceTree = "<group>";
		};
		4C682A861E90E55100DEA494 /* Custom Views */ = {
			isa = PBXGroup;
			children = (
				4C682A801E90DD0D00DEA494 /* CustomTextField.swift */,
				4C682A821E90E08600DEA494 /* CustomTextView.swift */,
				4C682A841E90E24E00DEA494 /* CustomRoundButton.swift */,
				4C682AA01E90EBE200DEA494 /* CustomMenuBarButton.swift */,
				4C0D710A1E90FC4A00E7A108 /* CustomRoundImageView.swift */,
			);
			name = "Custom Views";
			sourceTree = "<group>";
		};
		4C682A871E90E5D600DEA494 /* Become a Tutor */ = {
			isa = PBXGroup;
			children = (
				4C682A7E1E90D7B300DEA494 /* BecomeTutor.storyboard */,
				4CCD80C41E7E506C000644B1 /* BecomeTutorPartOneViewController.swift */,
				4C082A871E7E531A00EFD483 /* BecomeTutorPartTwoViewController.swift */,
			);
			name = "Become a Tutor";
			sourceTree = "<group>";
		};
		4C682A881E90E64300DEA494 /* New Post */ = {
			isa = PBXGroup;
			children = (
				4C682A931E90E6B100DEA494 /* NewPost.storyboard */,
				4CF45AFC1E7B19B500768999 /* PostViewController.swift */,
				4C0D710C1E91021B00E7A108 /* PicturesCollectionViewCell.swift */,
			);
			name = "New Post";
			sourceTree = "<group>";
		};
		4C682A8B1E90E65E00DEA494 /* Login */ = {
			isa = PBXGroup;
			children = (
				4C682A8C1E90E66900DEA494 /* Login.storyboard */,
				4CF45AF81E7B115F00768999 /* LoginViewController.swift */,
			);
			name = Login;
			sourceTree = "<group>";
		};
		4C682A8E1E90E67B00DEA494 /* Payment Options */ = {
			isa = PBXGroup;
			children = (
				4C682A8F1E90E69100DEA494 /* AddCard.storyboard */,
				4C682A911E90E69A00DEA494 /* ListCard.storyboard */,
				4CCD80C21E7E48B9000644B1 /* AddCardViewController.swift */,
				4CECE5E31E9111EF0019D640 /* CardListTableViewController.swift */,
				4CECE5E51E91139B0019D640 /* CardListTableViewCell.swift */,
			);
			name = "Payment Options";
			sourceTree = "<group>";
		};
		4C682A951E90E6B700DEA494 /* Profile */ = {
			isa = PBXGroup;
			children = (
				4C682A891E90E65400DEA494 /* Profile.storyboard */,
				4CECE5F01E918C0F0019D640 /* SeekingTutorTableViewCell.swift */,
				4CECE5EE1E918BF20019D640 /* ReviewTableViewCell.swift */,
				4CECE5EC1E9188E90019D640 /* ProfileViewController.swift */,
			);
			name = Profile;
			sourceTree = "<group>";
		};
		4C682A981E90E6D000DEA494 /* News Feed */ = {
			isa = PBXGroup;
			children = (
				4C682A961E90E6CA00DEA494 /* NewsFeed.storyboard */,
				4CECE5E11E910B800019D640 /* PostDetail.storyboard */,
				4C0D71001E90F59E00E7A108 /* NewsFeedViewController.swift */,
				4C0D71021E90F5C200E7A108 /* PublicFeedTableViewController.swift */,
				4C0D71041E90F5CF00E7A108 /* PrivateFeedTableViewController.swift */,
				4C0D71061E90FBD900E7A108 /* PublicTableViewCell.swift */,
				4C0D71081E90FBE300E7A108 /* PrivateTableViewCell.swift */,
			);
			name = "News Feed";
			sourceTree = "<group>";
		};
		4C682A991E90E6E400DEA494 /* Networking */ = {
			isa = PBXGroup;
			children = (
			);
			name = Networking;
			sourceTree = "<group>";
		};
		4C682A9A1E90E6F300DEA494 /* Side Menu */ = {
			isa = PBXGroup;
			children = (
				4C682A7C1E90D6BF00DEA494 /* SideMenu.storyboard */,
				4C082A891E7E5D1E00EFD483 /* SideMenuTableViewController.swift */,
			);
			name = "Side Menu";
			sourceTree = "<group>";
		};
		4C682A9B1E90E74F00DEA494 /* Reusable Code */ = {
			isa = PBXGroup;
			children = (
				2CAF613B1E7B229B00876C4D /* Utils.swift */,
			);
			name = "Reusable Code";
			sourceTree = "<group>";
		};
		4CECE5D01E9104290019D640 /* Wallet */ = {
			isa = PBXGroup;
			children = (
				4CECE5D11E91043F0019D640 /* Wallet.storyboard */,
				4CECE5D31E91044F0019D640 /* WalletTableViewController.swift */,
			);
			name = Wallet;
			sourceTree = "<group>";
		};
		4CECE5D51E91046B0019D640 /* Messages */ = {
			isa = PBXGroup;
			children = (
				4CECE5D81E9104950019D640 /* Messages.storyboard */,
				4CECE5F21E918FCB0019D640 /* MessagesTableViewCell.swift */,
				4CECE5DA1E9104A90019D640 /* MessagesListTableViewController.swift */,
				4CECE5D61E9104850019D640 /* MessagesViewController.swift */,
			);
			name = Messages;
			sourceTree = "<group>";
		};
		4CECE5DC1E9104E30019D640 /* Schedule */ = {
			isa = PBXGroup;
			children = (
				4CECE5DD1E9104F20019D640 /* ScheduleTableViewController.swift */,
				4CECE5DF1E9104FD0019D640 /* Schedule.storyboard */,
			);
			name = Schedule;
			sourceTree = "<group>";
		};
		4CECE5E71E9114E90019D640 /* Timer */ = {
			isa = PBXGroup;
			children = (
				4CECE5E81E9114FE0019D640 /* Timer.storyboard */,
				4CECE5EA1E9115170019D640 /* TimerViewController.swift */,
			);
			name = Timer;
			sourceTree = "<group>";
		};
		4CF45ADA1E7B0DF000768999 = {
			isa = PBXGroup;
			children = (
				4CF45AE51E7B0DF000768999 /* Geeni-iOS */,
				4CF45AE41E7B0DF000768999 /* Products */,
				EFEF87F36CEEB3DE0DAE9FF9 /* Pods */,
				02D5748AA4DDFDAAC7AE7618 /* Frameworks */,
			);
			sourceTree = "<group>";
		};
		4CF45AE41E7B0DF000768999 /* Products */ = {
			isa = PBXGroup;
			children = (
				4CF45AE31E7B0DF000768999 /* Geeni-iOS.app */,
			);
			name = Products;
			sourceTree = "<group>";
		};
		4CF45AE51E7B0DF000768999 /* Geeni-iOS */ = {
			isa = PBXGroup;
			children = (
				4CF45AEA1E7B0DF000768999 /* Main.storyboard */,
				4CF45AEF1E7B0DF000768999 /* LaunchScreen.storyboard */,
				4CF45AE61E7B0DF000768999 /* AppDelegate.swift */,
				4C682A9B1E90E74F00DEA494 /* Reusable Code */,
				4C682A991E90E6E400DEA494 /* Networking */,
				4C682A8B1E90E65E00DEA494 /* Login */,
				4C682A9A1E90E6F300DEA494 /* Side Menu */,
				4C682A981E90E6D000DEA494 /* News Feed */,
				4C682A951E90E6B700DEA494 /* Profile */,
				4C682A8E1E90E67B00DEA494 /* Payment Options */,
				4CECE5D01E9104290019D640 /* Wallet */,
				4C682A881E90E64300DEA494 /* New Post */,
				4CECE5DC1E9104E30019D640 /* Schedule */,
				4CECE5D51E91046B0019D640 /* Messages */,
				4C682A871E90E5D600DEA494 /* Become a Tutor */,
				4C682A861E90E55100DEA494 /* Custom Views */,
				4CECE5E71E9114E90019D640 /* Timer */,
				4CF45AED1E7B0DF000768999 /* Assets.xcassets */,
				4CF45AF21E7B0DF000768999 /* Info.plist */,
				4CECE5F41E9192B00019D640 /* GoogleService-Info.plist */,
			);
			path = "Geeni-iOS";
			sourceTree = "<group>";
		};
		EFEF87F36CEEB3DE0DAE9FF9 /* Pods */ = {
			isa = PBXGroup;
			children = (
				6EBAEB2CA1C7CF6A6EBEA45E /* Pods-Geeni-iOS.debug.xcconfig */,
				E2C728534B69344A2502220C /* Pods-Geeni-iOS.release.xcconfig */,
			);
			name = Pods;
			sourceTree = "<group>";
		};
/* End PBXGroup section */

/* Begin PBXNativeTarget section */
		4CF45AE21E7B0DF000768999 /* Geeni-iOS */ = {
			isa = PBXNativeTarget;
			buildConfigurationList = 4CF45AF51E7B0DF000768999 /* Build configuration list for PBXNativeTarget "Geeni-iOS" */;
			buildPhases = (
				0D7AAD91D43A2DB4EEE601BB /* [CP] Check Pods Manifest.lock */,
				4CF45ADF1E7B0DF000768999 /* Sources */,
				4CF45AE01E7B0DF000768999 /* Frameworks */,
				4CF45AE11E7B0DF000768999 /* Resources */,
				E8F6E5E870013DEDA1C44EE3 /* [CP] Embed Pods Frameworks */,
				E399152B5E27CBD2FFAAFB1A /* [CP] Copy Pods Resources */,
			);
			buildRules = (
			);
			dependencies = (
			);
			name = "Geeni-iOS";
			productName = "Geeni-iOS";
			productReference = 4CF45AE31E7B0DF000768999 /* Geeni-iOS.app */;
			productType = "com.apple.product-type.application";
		};
/* End PBXNativeTarget section */

/* Begin PBXProject section */
		4CF45ADB1E7B0DF000768999 /* Project object */ = {
			isa = PBXProject;
			attributes = {
				LastSwiftUpdateCheck = 0820;
				LastUpgradeCheck = 0820;
				ORGANIZATIONNAME = wiwen;
				TargetAttributes = {
					4CF45AE21E7B0DF000768999 = {
						CreatedOnToolsVersion = 8.2;
						DevelopmentTeam = UE72JTA7FC;
						ProvisioningStyle = Automatic;
					};
				};
			};
			buildConfigurationList = 4CF45ADE1E7B0DF000768999 /* Build configuration list for PBXProject "Geeni-iOS" */;
			compatibilityVersion = "Xcode 3.2";
			developmentRegion = English;
			hasScannedForEncodings = 0;
			knownRegions = (
				en,
				Base,
			);
			mainGroup = 4CF45ADA1E7B0DF000768999;
			productRefGroup = 4CF45AE41E7B0DF000768999 /* Products */;
			projectDirPath = "";
			projectRoot = "";
			targets = (
				4CF45AE21E7B0DF000768999 /* Geeni-iOS */,
			);
		};
/* End PBXProject section */

/* Begin PBXResourcesBuildPhase section */
		4CF45AE11E7B0DF000768999 /* Resources */ = {
			isa = PBXResourcesBuildPhase;
			buildActionMask = 2147483647;
			files = (
				4C682A7F1E90D7B300DEA494 /* BecomeTutor.storyboard in Resources */,
				4C682A971E90E6CA00DEA494 /* NewsFeed.storyboard in Resources */,
				4C682A8A1E90E65400DEA494 /* Profile.storyboard in Resources */,
				4C682A941E90E6B100DEA494 /* NewPost.storyboard in Resources */,
				4CECE5E21E910B800019D640 /* PostDetail.storyboard in Resources */,
				4C682A921E90E69A00DEA494 /* ListCard.storyboard in Resources */,
				4CECE5D91E9104950019D640 /* Messages.storyboard in Resources */,
				4CECE5D21E91043F0019D640 /* Wallet.storyboard in Resources */,
				4CECE5E91E9114FE0019D640 /* Timer.storyboard in Resources */,
				4CECE5E01E9104FD0019D640 /* Schedule.storyboard in Resources */,
				4C682A8D1E90E66900DEA494 /* Login.storyboard in Resources */,
				4C682A7D1E90D6BF00DEA494 /* SideMenu.storyboard in Resources */,
				4CECE5F51E9192B00019D640 /* GoogleService-Info.plist in Resources */,
				4C682A901E90E69100DEA494 /* AddCard.storyboard in Resources */,
				4CF45AF11E7B0DF000768999 /* LaunchScreen.storyboard in Resources */,
				4CF45AEE1E7B0DF000768999 /* Assets.xcassets in Resources */,
				4CF45AEC1E7B0DF000768999 /* Main.storyboard in Resources */,
			);
			runOnlyForDeploymentPostprocessing = 0;
		};
/* End PBXResourcesBuildPhase section */

/* Begin PBXShellScriptBuildPhase section */
		0D7AAD91D43A2DB4EEE601BB /* [CP] Check Pods Manifest.lock */ = {
			isa = PBXShellScriptBuildPhase;
			buildActionMask = 2147483647;
			files = (
			);
			inputPaths = (
			);
			name = "[CP] Check Pods Manifest.lock";
			outputPaths = (
			);
			runOnlyForDeploymentPostprocessing = 0;
			shellPath = /bin/sh;
			shellScript = "diff \"${PODS_ROOT}/../Podfile.lock\" \"${PODS_ROOT}/Manifest.lock\" > /dev/null\nif [ $? != 0 ] ; then\n    # print error to STDERR\n    echo \"error: The sandbox is not in sync with the Podfile.lock. Run 'pod install' or update your CocoaPods installation.\" >&2\n    exit 1\nfi\n";
			showEnvVarsInLog = 0;
		};
		E399152B5E27CBD2FFAAFB1A /* [CP] Copy Pods Resources */ = {
			isa = PBXShellScriptBuildPhase;
			buildActionMask = 2147483647;
			files = (
			);
			inputPaths = (
			);
			name = "[CP] Copy Pods Resources";
			outputPaths = (
			);
			runOnlyForDeploymentPostprocessing = 0;
			shellPath = /bin/sh;
			shellScript = "\"${SRCROOT}/Pods/Target Support Files/Pods-Geeni-iOS/Pods-Geeni-iOS-resources.sh\"\n";
			showEnvVarsInLog = 0;
		};
		E8F6E5E870013DEDA1C44EE3 /* [CP] Embed Pods Frameworks */ = {
			isa = PBXShellScriptBuildPhase;
			buildActionMask = 2147483647;
			files = (
			);
			inputPaths = (
			);
			name = "[CP] Embed Pods Frameworks";
			outputPaths = (
			);
			runOnlyForDeploymentPostprocessing = 0;
			shellPath = /bin/sh;
			shellScript = "\"${SRCROOT}/Pods/Target Support Files/Pods-Geeni-iOS/Pods-Geeni-iOS-frameworks.sh\"\n";
			showEnvVarsInLog = 0;
		};
/* End PBXShellScriptBuildPhase section */

/* Begin PBXSourcesBuildPhase section */
		4CF45ADF1E7B0DF000768999 /* Sources */ = {
			isa = PBXSourcesBuildPhase;
			buildActionMask = 2147483647;
			files = (
				4CECE5DE1E9104F20019D640 /* ScheduleTableViewController.swift in Sources */,
				4CECE5DB1E9104A90019D640 /* MessagesListTableViewController.swift in Sources */,
				4C682A831E90E08600DEA494 /* CustomTextView.swift in Sources */,
				4C0D710B1E90FC4A00E7A108 /* CustomRoundImageView.swift in Sources */,
				4C0D710D1E91021B00E7A108 /* PicturesCollectionViewCell.swift in Sources */,
				4CECE5EF1E918BF20019D640 /* ReviewTableViewCell.swift in Sources */,
				4CCD80C31E7E48B9000644B1 /* AddCardViewController.swift in Sources */,
				4CECE5F31E918FCB0019D640 /* MessagesTableViewCell.swift in Sources */,
				4C682AA11E90EBE200DEA494 /* CustomMenuBarButton.swift in Sources */,
				4CCD80C51E7E506C000644B1 /* BecomeTutorPartOneViewController.swift in Sources */,
				4C0D71091E90FBE300E7A108 /* PrivateTableViewCell.swift in Sources */,
				4CECE5EB1E9115170019D640 /* TimerViewController.swift in Sources */,
				4CECE5D41E91044F0019D640 /* WalletTableViewController.swift in Sources */,
				4C0D71051E90F5CF00E7A108 /* PrivateFeedTableViewController.swift in Sources */,
				4CECE5F11E918C0F0019D640 /* SeekingTutorTableViewCell.swift in Sources */,
				4CF45AFD1E7B19B500768999 /* PostViewController.swift in Sources */,
				4CF45AF91E7B115F00768999 /* LoginViewController.swift in Sources */,
				4C682A851E90E24E00DEA494 /* CustomRoundButton.swift in Sources */,
				4CECE5E41E9111EF0019D640 /* CardListTableViewController.swift in Sources */,
				4CF45AE71E7B0DF000768999 /* AppDelegate.swift in Sources */,
				4CECE5ED1E9188E90019D640 /* ProfileViewController.swift in Sources */,
				4CECE5E61E91139B0019D640 /* CardListTableViewCell.swift in Sources */,
				4C0D71031E90F5C200E7A108 /* PublicFeedTableViewController.swift in Sources */,
				4C682A811E90DD0D00DEA494 /* CustomTextField.swift in Sources */,
				2CAF613C1E7B229B00876C4D /* Utils.swift in Sources */,
				4C082A881E7E531A00EFD483 /* BecomeTutorPartTwoViewController.swift in Sources */,
				4C082A8A1E7E5D1E00EFD483 /* SideMenuTableViewController.swift in Sources */,
				4C0D71071E90FBD900E7A108 /* PublicTableViewCell.swift in Sources */,
				4CECE5D71E9104850019D640 /* MessagesViewController.swift in Sources */,
				4C0D71011E90F59E00E7A108 /* NewsFeedViewController.swift in Sources */,
			);
			runOnlyForDeploymentPostprocessing = 0;
		};
/* End PBXSourcesBuildPhase section */

/* Begin PBXVariantGroup section */
		4CF45AEA1E7B0DF000768999 /* Main.storyboard */ = {
			isa = PBXVariantGroup;
			children = (
				4CF45AEB1E7B0DF000768999 /* Base */,
			);
			name = Main.storyboard;
			sourceTree = "<group>";
		};
		4CF45AEF1E7B0DF000768999 /* LaunchScreen.storyboard */ = {
			isa = PBXVariantGroup;
			children = (
				4CF45AF01E7B0DF000768999 /* Base */,
			);
			name = LaunchScreen.storyboard;
			sourceTree = "<group>";
		};
/* End PBXVariantGroup section */

/* Begin XCBuildConfiguration section */
		4CF45AF31E7B0DF000768999 /* Debug */ = {
			isa = XCBuildConfiguration;
			buildSettings = {
				ALWAYS_SEARCH_USER_PATHS = NO;
				CLANG_ANALYZER_NONNULL = YES;
				CLANG_CXX_LANGUAGE_STANDARD = "gnu++0x";
				CLANG_CXX_LIBRARY = "libc++";
				CLANG_ENABLE_MODULES = YES;
				CLANG_ENABLE_OBJC_ARC = YES;
				CLANG_WARN_BOOL_CONVERSION = YES;
				CLANG_WARN_CONSTANT_CONVERSION = YES;
				CLANG_WARN_DIRECT_OBJC_ISA_USAGE = YES_ERROR;
				CLANG_WARN_DOCUMENTATION_COMMENTS = YES;
				CLANG_WARN_EMPTY_BODY = YES;
				CLANG_WARN_ENUM_CONVERSION = YES;
				CLANG_WARN_INFINITE_RECURSION = YES;
				CLANG_WARN_INT_CONVERSION = YES;
				CLANG_WARN_OBJC_ROOT_CLASS = YES_ERROR;
				CLANG_WARN_SUSPICIOUS_MOVE = YES;
				CLANG_WARN_UNREACHABLE_CODE = YES;
				CLANG_WARN__DUPLICATE_METHOD_MATCH = YES;
				"CODE_SIGN_IDENTITY[sdk=iphoneos*]" = "iPhone Developer";
				COPY_PHASE_STRIP = NO;
				DEBUG_INFORMATION_FORMAT = dwarf;
				ENABLE_STRICT_OBJC_MSGSEND = YES;
				ENABLE_TESTABILITY = YES;
				GCC_C_LANGUAGE_STANDARD = gnu99;
				GCC_DYNAMIC_NO_PIC = NO;
				GCC_NO_COMMON_BLOCKS = YES;
				GCC_OPTIMIZATION_LEVEL = 0;
				GCC_PREPROCESSOR_DEFINITIONS = (
					"DEBUG=1",
					"$(inherited)",
				);
				GCC_WARN_64_TO_32_BIT_CONVERSION = YES;
				GCC_WARN_ABOUT_RETURN_TYPE = YES_ERROR;
				GCC_WARN_UNDECLARED_SELECTOR = YES;
				GCC_WARN_UNINITIALIZED_AUTOS = YES_AGGRESSIVE;
				GCC_WARN_UNUSED_FUNCTION = YES;
				GCC_WARN_UNUSED_VARIABLE = YES;
				IPHONEOS_DEPLOYMENT_TARGET = 10.2;
				MTL_ENABLE_DEBUG_INFO = YES;
				ONLY_ACTIVE_ARCH = YES;
				SDKROOT = iphoneos;
				SWIFT_ACTIVE_COMPILATION_CONDITIONS = DEBUG;
				SWIFT_OPTIMIZATION_LEVEL = "-Onone";
			};
			name = Debug;
		};
		4CF45AF41E7B0DF000768999 /* Release */ = {
			isa = XCBuildConfiguration;
			buildSettings = {
				ALWAYS_SEARCH_USER_PATHS = NO;
				CLANG_ANALYZER_NONNULL = YES;
				CLANG_CXX_LANGUAGE_STANDARD = "gnu++0x";
				CLANG_CXX_LIBRARY = "libc++";
				CLANG_ENABLE_MODULES = YES;
				CLANG_ENABLE_OBJC_ARC = YES;
				CLANG_WARN_BOOL_CONVERSION = YES;
				CLANG_WARN_CONSTANT_CONVERSION = YES;
				CLANG_WARN_DIRECT_OBJC_ISA_USAGE = YES_ERROR;
				CLANG_WARN_DOCUMENTATION_COMMENTS = YES;
				CLANG_WARN_EMPTY_BODY = YES;
				CLANG_WARN_ENUM_CONVERSION = YES;
				CLANG_WARN_INFINITE_RECURSION = YES;
				CLANG_WARN_INT_CONVERSION = YES;
				CLANG_WARN_OBJC_ROOT_CLASS = YES_ERROR;
				CLANG_WARN_SUSPICIOUS_MOVE = YES;
				CLANG_WARN_UNREACHABLE_CODE = YES;
				CLANG_WARN__DUPLICATE_METHOD_MATCH = YES;
				"CODE_SIGN_IDENTITY[sdk=iphoneos*]" = "iPhone Developer";
				COPY_PHASE_STRIP = NO;
				DEBUG_INFORMATION_FORMAT = "dwarf-with-dsym";
				ENABLE_NS_ASSERTIONS = NO;
				ENABLE_STRICT_OBJC_MSGSEND = YES;
				GCC_C_LANGUAGE_STANDARD = gnu99;
				GCC_NO_COMMON_BLOCKS = YES;
				GCC_WARN_64_TO_32_BIT_CONVERSION = YES;
				GCC_WARN_ABOUT_RETURN_TYPE = YES_ERROR;
				GCC_WARN_UNDECLARED_SELECTOR = YES;
				GCC_WARN_UNINITIALIZED_AUTOS = YES_AGGRESSIVE;
				GCC_WARN_UNUSED_FUNCTION = YES;
				GCC_WARN_UNUSED_VARIABLE = YES;
				IPHONEOS_DEPLOYMENT_TARGET = 10.2;
				MTL_ENABLE_DEBUG_INFO = NO;
				SDKROOT = iphoneos;
				SWIFT_OPTIMIZATION_LEVEL = "-Owholemodule";
				VALIDATE_PRODUCT = YES;
			};
			name = Release;
		};
		4CF45AF61E7B0DF000768999 /* Debug */ = {
			isa = XCBuildConfiguration;
			baseConfigurationReference = 6EBAEB2CA1C7CF6A6EBEA45E /* Pods-Geeni-iOS.debug.xcconfig */;
			buildSettings = {
				ASSETCATALOG_COMPILER_APPICON_NAME = AppIcon;
				DEVELOPMENT_TEAM = UE72JTA7FC;
				INFOPLIST_FILE = "Geeni-iOS/Info.plist";
				IPHONEOS_DEPLOYMENT_TARGET = 10.2;
				LD_RUNPATH_SEARCH_PATHS = "$(inherited) @executable_path/Frameworks";
				PRODUCT_BUNDLE_IDENTIFIER = "com.wiwen.Geeni-iOS";
				PRODUCT_NAME = "$(TARGET_NAME)";
				SWIFT_VERSION = 3.0;
			};
			name = Debug;
		};
		4CF45AF71E7B0DF000768999 /* Release */ = {
			isa = XCBuildConfiguration;
			baseConfigurationReference = E2C728534B69344A2502220C /* Pods-Geeni-iOS.release.xcconfig */;
			buildSettings = {
				ASSETCATALOG_COMPILER_APPICON_NAME = AppIcon;
				DEVELOPMENT_TEAM = UE72JTA7FC;
				INFOPLIST_FILE = "Geeni-iOS/Info.plist";
				IPHONEOS_DEPLOYMENT_TARGET = 10.2;
				LD_RUNPATH_SEARCH_PATHS = "$(inherited) @executable_path/Frameworks";
				PRODUCT_BUNDLE_IDENTIFIER = "com.wiwen.Geeni-iOS";
				PRODUCT_NAME = "$(TARGET_NAME)";
				SWIFT_VERSION = 3.0;
			};
			name = Release;
		};
/* End XCBuildConfiguration section */

/* Begin XCConfigurationList section */
		4CF45ADE1E7B0DF000768999 /* Build configuration list for PBXProject "Geeni-iOS" */ = {
			isa = XCConfigurationList;
			buildConfigurations = (
				4CF45AF31E7B0DF000768999 /* Debug */,
				4CF45AF41E7B0DF000768999 /* Release */,
			);
			defaultConfigurationIsVisible = 0;
			defaultConfigurationName = Release;
		};
		4CF45AF51E7B0DF000768999 /* Build configuration list for PBXNativeTarget "Geeni-iOS" */ = {
			isa = XCConfigurationList;
			buildConfigurations = (
				4CF45AF61E7B0DF000768999 /* Debug */,
				4CF45AF71E7B0DF000768999 /* Release */,
			);
			defaultConfigurationIsVisible = 0;
			defaultConfigurationName = Release;
		};
/* End XCConfigurationList section */
	};
	rootObject = 4CF45ADB1E7B0DF000768999 /* Project object */;
}
