// !$*UTF8*$!
{
	archiveVersion = 1;
	classes = {
	};
	objectVersion = 46;
	objects = {

/* Begin PBXBuildFile section */
		2CAF613C1E7B229B00876C4D /* Utils.swift in Sources */ = {isa = PBXBuildFile; fileRef = 2CAF613B1E7B229B00876C4D /* Utils.swift */; };
		4C082A881E7E531A00EFD483 /* BecomeTutorPartTwoViewController.swift in Sources */ = {isa = PBXBuildFile; fileRef = 4C082A871E7E531A00EFD483 /* BecomeTutorPartTwoViewController.swift */; };
		4C082A8A1E7E5D1E00EFD483 /* SideMenuTableViewController.swift in Sources */ = {isa = PBXBuildFile; fileRef = 4C082A891E7E5D1E00EFD483 /* SideMenuTableViewController.swift */; };
		4C0D71011E90F59E00E7A108 /* NewsFeedViewController.swift in Sources */ = {isa = PBXBuildFile; fileRef = 4C0D71001E90F59E00E7A108 /* NewsFeedViewController.swift */; };
		4C682A7D1E90D6BF00DEA494 /* SideMenu.storyboard in Resources */ = {isa = PBXBuildFile; fileRef = 4C682A7C1E90D6BF00DEA494 /* SideMenu.storyboard */; };
		4C682A7F1E90D7B300DEA494 /* BecomeTutor.storyboard in Resources */ = {isa = PBXBuildFile; fileRef = 4C682A7E1E90D7B300DEA494 /* BecomeTutor.storyboard */; };
		4C682A8A1E90E65400DEA494 /* Profile.storyboard in Resources */ = {isa = PBXBuildFile; fileRef = 4C682A891E90E65400DEA494 /* Profile.storyboard */; };
		4C682A8D1E90E66900DEA494 /* Login.storyboard in Resources */ = {isa = PBXBuildFile; fileRef = 4C682A8C1E90E66900DEA494 /* Login.storyboard */; };
		4C682A901E90E69100DEA494 /* AddCard.storyboard in Resources */ = {isa = PBXBuildFile; fileRef = 4C682A8F1E90E69100DEA494 /* AddCard.storyboard */; };
		4C682A921E90E69A00DEA494 /* ListCard.storyboard in Resources */ = {isa = PBXBuildFile; fileRef = 4C682A911E90E69A00DEA494 /* ListCard.storyboard */; };
		4C682A941E90E6B100DEA494 /* NewPost.storyboard in Resources */ = {isa = PBXBuildFile; fileRef = 4C682A931E90E6B100DEA494 /* NewPost.storyboard */; };
		4C682A971E90E6CA00DEA494 /* NewsFeed.storyboard in Resources */ = {isa = PBXBuildFile; fileRef = 4C682A961E90E6CA00DEA494 /* NewsFeed.storyboard */; };
		4C8F79951E9DDA1000C785C5 /* ProfileTableViewController.swift in Sources */ = {isa = PBXBuildFile; fileRef = 4C8F79941E9DDA1000C785C5 /* ProfileTableViewController.swift */; };
		4C8F79971E9DDFE600C785C5 /* NetworkingCalls.swift in Sources */ = {isa = PBXBuildFile; fileRef = 4C8F79961E9DDFE600C785C5 /* NetworkingCalls.swift */; };
		4C8F79991E9DE31800C785C5 /* Model.swift in Sources */ = {isa = PBXBuildFile; fileRef = 4C8F79981E9DE31800C785C5 /* Model.swift */; };
		4C8F799B1E9FEA6B00C785C5 /* Post.swift in Sources */ = {isa = PBXBuildFile; fileRef = 4C8F799A1E9FEA6B00C785C5 /* Post.swift */; };
		4C8F799D1EA003C000C785C5 /* User.swift in Sources */ = {isa = PBXBuildFile; fileRef = 4C8F799C1EA003C000C785C5 /* User.swift */; };
		4CCD80C31E7E48B9000644B1 /* AddCardViewController.swift in Sources */ = {isa = PBXBuildFile; fileRef = 4CCD80C21E7E48B9000644B1 /* AddCardViewController.swift */; };
		4CECE5D21E91043F0019D640 /* Wallet.storyboard in Resources */ = {isa = PBXBuildFile; fileRef = 4CECE5D11E91043F0019D640 /* Wallet.storyboard */; };
		4CECE5D41E91044F0019D640 /* WalletTableViewController.swift in Sources */ = {isa = PBXBuildFile; fileRef = 4CECE5D31E91044F0019D640 /* WalletTableViewController.swift */; };
		4CECE5D91E9104950019D640 /* Messages.storyboard in Resources */ = {isa = PBXBuildFile; fileRef = 4CECE5D81E9104950019D640 /* Messages.storyboard */; };
		4CECE5DB1E9104A90019D640 /* MessagesListTableViewController.swift in Sources */ = {isa = PBXBuildFile; fileRef = 4CECE5DA1E9104A90019D640 /* MessagesListTableViewController.swift */; };
		4CECE5DE1E9104F20019D640 /* ScheduleTableViewController.swift in Sources */ = {isa = PBXBuildFile; fileRef = 4CECE5DD1E9104F20019D640 /* ScheduleTableViewController.swift */; };
		4CECE5E01E9104FD0019D640 /* Schedule.storyboard in Resources */ = {isa = PBXBuildFile; fileRef = 4CECE5DF1E9104FD0019D640 /* Schedule.storyboard */; };
		4CECE5E41E9111EF0019D640 /* CardListTableViewController.swift in Sources */ = {isa = PBXBuildFile; fileRef = 4CECE5E31E9111EF0019D640 /* CardListTableViewController.swift */; };
		4CECE5E91E9114FE0019D640 /* Timer.storyboard in Resources */ = {isa = PBXBuildFile; fileRef = 4CECE5E81E9114FE0019D640 /* Timer.storyboard */; };
		4CECE5EB1E9115170019D640 /* TimerViewController.swift in Sources */ = {isa = PBXBuildFile; fileRef = 4CECE5EA1E9115170019D640 /* TimerViewController.swift */; };
		4CECE5F51E9192B00019D640 /* GoogleService-Info.plist in Resources */ = {isa = PBXBuildFile; fileRef = 4CECE5F41E9192B00019D640 /* GoogleService-Info.plist */; };
		4CF45AE71E7B0DF000768999 /* AppDelegate.swift in Sources */ = {isa = PBXBuildFile; fileRef = 4CF45AE61E7B0DF000768999 /* AppDelegate.swift */; };
		4CF45AEC1E7B0DF000768999 /* Main.storyboard in Resources */ = {isa = PBXBuildFile; fileRef = 4CF45AEA1E7B0DF000768999 /* Main.storyboard */; };
		4CF45AEE1E7B0DF000768999 /* Assets.xcassets in Resources */ = {isa = PBXBuildFile; fileRef = 4CF45AED1E7B0DF000768999 /* Assets.xcassets */; };
		4CF45AF11E7B0DF000768999 /* LaunchScreen.storyboard in Resources */ = {isa = PBXBuildFile; fileRef = 4CF45AEF1E7B0DF000768999 /* LaunchScreen.storyboard */; };
		4CF45AF91E7B115F00768999 /* LoginViewController.swift in Sources */ = {isa = PBXBuildFile; fileRef = 4CF45AF81E7B115F00768999 /* LoginViewController.swift */; };
		5A03F38F49C52473E1BA2467 /* Pods_Geeni_iOS.framework in Frameworks */ = {isa = PBXBuildFile; fileRef = BFF9E2D3AD97B6DB4D737B3B /* Pods_Geeni_iOS.framework */; };
		5F551BC61F80170300D25B7A /* Colors.swift in Sources */ = {isa = PBXBuildFile; fileRef = 5F551BC51F80170300D25B7A /* Colors.swift */; };
		5F551BC81F801D0E00D25B7A /* Messages.swift in Sources */ = {isa = PBXBuildFile; fileRef = 5F551BC71F801D0E00D25B7A /* Messages.swift */; };
		5F551BCA1F8025A100D25B7A /* NewPostTableViewContoller.swift in Sources */ = {isa = PBXBuildFile; fileRef = 5F551BC91F8025A100D25B7A /* NewPostTableViewContoller.swift */; };
		5F551BCC1F80D66700D25B7A /* BecomeTutorPartOneTableViewController.swift in Sources */ = {isa = PBXBuildFile; fileRef = 5F551BCB1F80D66700D25B7A /* BecomeTutorPartOneTableViewController.swift */; };
		5F551BCF1F824FE200D25B7A /* ProfileImageXib.xib in Resources */ = {isa = PBXBuildFile; fileRef = 5F551BCE1F824FE200D25B7A /* ProfileImageXib.xib */; };
		5F551BD11F825E7E00D25B7A /* ProfileImageXib.swift in Sources */ = {isa = PBXBuildFile; fileRef = 5F551BD01F825E7E00D25B7A /* ProfileImageXib.swift */; };
		5F60F7BA1F7E52F300233155 /* Extensions.swift in Sources */ = {isa = PBXBuildFile; fileRef = 5F60F7B91F7E52F300233155 /* Extensions.swift */; };
		5F69DD651F8286A700049786 /* Feedback.storyboard in Resources */ = {isa = PBXBuildFile; fileRef = 5F69DD641F8286A700049786 /* Feedback.storyboard */; };
		5F73DAFD1F83AE8100E76232 /* EachPostViewController.swift in Sources */ = {isa = PBXBuildFile; fileRef = 5F73DAFC1F83AE8100E76232 /* EachPostViewController.swift */; };
		5F73DB001F83AFE800E76232 /* PostDetailTableViewCell.swift in Sources */ = {isa = PBXBuildFile; fileRef = 5F73DAFF1F83AFE800E76232 /* PostDetailTableViewCell.swift */; };
		5F73DB021F83B00400E76232 /* PostResponseTableViewCell.swift in Sources */ = {isa = PBXBuildFile; fileRef = 5F73DB011F83B00400E76232 /* PostResponseTableViewCell.swift */; };
		5F73DB041F83B39200E76232 /* PostImageTableViewCell.swift in Sources */ = {isa = PBXBuildFile; fileRef = 5F73DB031F83B39200E76232 /* PostImageTableViewCell.swift */; };
		5FD17B781F828729000290B0 /* FeedbackViewController.swift in Sources */ = {isa = PBXBuildFile; fileRef = 5FD17B771F828729000290B0 /* FeedbackViewController.swift */; };
		5FD17B7B1F829352000290B0 /* Graphs.storyboard in Resources */ = {isa = PBXBuildFile; fileRef = 5FD17B7A1F829352000290B0 /* Graphs.storyboard */; };
		5FD57DD91F7EC12D00BAE233 /* Receipt.swift in Sources */ = {isa = PBXBuildFile; fileRef = 5FD57DD81F7EC12D00BAE233 /* Receipt.swift */; };
		5FD57DDB1F7EC17500BAE233 /* WalletTableViewCell.swift in Sources */ = {isa = PBXBuildFile; fileRef = 5FD57DDA1F7EC17500BAE233 /* WalletTableViewCell.swift */; };
		5FD57DDF1F7EC1D200BAE233 /* Settings.storyboard in Resources */ = {isa = PBXBuildFile; fileRef = 5FD57DDE1F7EC1D200BAE233 /* Settings.storyboard */; };
		5FD57DE11F7EC1FD00BAE233 /* SettingsTableViewController.swift in Sources */ = {isa = PBXBuildFile; fileRef = 5FD57DE01F7EC1FD00BAE233 /* SettingsTableViewController.swift */; };
		5FD57DE31F7EC42D00BAE233 /* PostTableViewCell.swift in Sources */ = {isa = PBXBuildFile; fileRef = 5FD57DE21F7EC42C00BAE233 /* PostTableViewCell.swift */; };
		5FDCCF4F1F82694900B0BF8E /* PostDetailXib.xib in Resources */ = {isa = PBXBuildFile; fileRef = 5FDCCF4E1F82694900B0BF8E /* PostDetailXib.xib */; };
		5FDCCF511F82695F00B0BF8E /* PostDetailXib.swift in Sources */ = {isa = PBXBuildFile; fileRef = 5FDCCF501F82695F00B0BF8E /* PostDetailXib.swift */; };
/* End PBXBuildFile section */

/* Begin PBXFileReference section */
		2CAF613B1E7B229B00876C4D /* Utils.swift */ = {isa = PBXFileReference; fileEncoding = 4; lastKnownFileType = sourcecode.swift; path = Utils.swift; sourceTree = "<group>"; };
		4C082A871E7E531A00EFD483 /* BecomeTutorPartTwoViewController.swift */ = {isa = PBXFileReference; fileEncoding = 4; lastKnownFileType = sourcecode.swift; path = BecomeTutorPartTwoViewController.swift; sourceTree = "<group>"; };
		4C082A891E7E5D1E00EFD483 /* SideMenuTableViewController.swift */ = {isa = PBXFileReference; fileEncoding = 4; lastKnownFileType = sourcecode.swift; path = SideMenuTableViewController.swift; sourceTree = "<group>"; };
		4C0D71001E90F59E00E7A108 /* NewsFeedViewController.swift */ = {isa = PBXFileReference; fileEncoding = 4; lastKnownFileType = sourcecode.swift; path = NewsFeedViewController.swift; sourceTree = "<group>"; };
		4C682A7C1E90D6BF00DEA494 /* SideMenu.storyboard */ = {isa = PBXFileReference; fileEncoding = 4; lastKnownFileType = file.storyboard; path = SideMenu.storyboard; sourceTree = "<group>"; };
		4C682A7E1E90D7B300DEA494 /* BecomeTutor.storyboard */ = {isa = PBXFileReference; fileEncoding = 4; lastKnownFileType = file.storyboard; path = BecomeTutor.storyboard; sourceTree = "<group>"; };
		4C682A891E90E65400DEA494 /* Profile.storyboard */ = {isa = PBXFileReference; fileEncoding = 4; lastKnownFileType = file.storyboard; path = Profile.storyboard; sourceTree = "<group>"; };
		4C682A8C1E90E66900DEA494 /* Login.storyboard */ = {isa = PBXFileReference; fileEncoding = 4; lastKnownFileType = file.storyboard; path = Login.storyboard; sourceTree = "<group>"; };
		4C682A8F1E90E69100DEA494 /* AddCard.storyboard */ = {isa = PBXFileReference; fileEncoding = 4; lastKnownFileType = file.storyboard; path = AddCard.storyboard; sourceTree = "<group>"; };
		4C682A911E90E69A00DEA494 /* ListCard.storyboard */ = {isa = PBXFileReference; fileEncoding = 4; lastKnownFileType = file.storyboard; path = ListCard.storyboard; sourceTree = "<group>"; };
		4C682A931E90E6B100DEA494 /* NewPost.storyboard */ = {isa = PBXFileReference; fileEncoding = 4; lastKnownFileType = file.storyboard; path = NewPost.storyboard; sourceTree = "<group>"; };
		4C682A961E90E6CA00DEA494 /* NewsFeed.storyboard */ = {isa = PBXFileReference; fileEncoding = 4; lastKnownFileType = file.storyboard; path = NewsFeed.storyboard; sourceTree = "<group>"; };
		4C8F79941E9DDA1000C785C5 /* ProfileTableViewController.swift */ = {isa = PBXFileReference; fileEncoding = 4; lastKnownFileType = sourcecode.swift; path = ProfileTableViewController.swift; sourceTree = "<group>"; };
		4C8F79961E9DDFE600C785C5 /* NetworkingCalls.swift */ = {isa = PBXFileReference; fileEncoding = 4; lastKnownFileType = sourcecode.swift; path = NetworkingCalls.swift; sourceTree = "<group>"; };
		4C8F79981E9DE31800C785C5 /* Model.swift */ = {isa = PBXFileReference; fileEncoding = 4; lastKnownFileType = sourcecode.swift; path = Model.swift; sourceTree = "<group>"; };
		4C8F799A1E9FEA6B00C785C5 /* Post.swift */ = {isa = PBXFileReference; fileEncoding = 4; lastKnownFileType = sourcecode.swift; path = Post.swift; sourceTree = "<group>"; };
		4C8F799C1EA003C000C785C5 /* User.swift */ = {isa = PBXFileReference; fileEncoding = 4; lastKnownFileType = sourcecode.swift; path = User.swift; sourceTree = "<group>"; };
		4CCD80C21E7E48B9000644B1 /* AddCardViewController.swift */ = {isa = PBXFileReference; fileEncoding = 4; lastKnownFileType = sourcecode.swift; path = AddCardViewController.swift; sourceTree = "<group>"; };
		4CECE5D11E91043F0019D640 /* Wallet.storyboard */ = {isa = PBXFileReference; fileEncoding = 4; lastKnownFileType = file.storyboard; path = Wallet.storyboard; sourceTree = "<group>"; };
		4CECE5D31E91044F0019D640 /* WalletTableViewController.swift */ = {isa = PBXFileReference; fileEncoding = 4; lastKnownFileType = sourcecode.swift; path = WalletTableViewController.swift; sourceTree = "<group>"; };
		4CECE5D81E9104950019D640 /* Messages.storyboard */ = {isa = PBXFileReference; fileEncoding = 4; lastKnownFileType = file.storyboard; path = Messages.storyboard; sourceTree = "<group>"; };
		4CECE5DA1E9104A90019D640 /* MessagesListTableViewController.swift */ = {isa = PBXFileReference; fileEncoding = 4; lastKnownFileType = sourcecode.swift; path = MessagesListTableViewController.swift; sourceTree = "<group>"; };
		4CECE5DD1E9104F20019D640 /* ScheduleTableViewController.swift */ = {isa = PBXFileReference; fileEncoding = 4; lastKnownFileType = sourcecode.swift; path = ScheduleTableViewController.swift; sourceTree = "<group>"; };
		4CECE5DF1E9104FD0019D640 /* Schedule.storyboard */ = {isa = PBXFileReference; fileEncoding = 4; lastKnownFileType = file.storyboard; path = Schedule.storyboard; sourceTree = "<group>"; };
		4CECE5E31E9111EF0019D640 /* CardListTableViewController.swift */ = {isa = PBXFileReference; fileEncoding = 4; lastKnownFileType = sourcecode.swift; path = CardListTableViewController.swift; sourceTree = "<group>"; };
		4CECE5E81E9114FE0019D640 /* Timer.storyboard */ = {isa = PBXFileReference; fileEncoding = 4; lastKnownFileType = file.storyboard; path = Timer.storyboard; sourceTree = "<group>"; };
		4CECE5EA1E9115170019D640 /* TimerViewController.swift */ = {isa = PBXFileReference; fileEncoding = 4; lastKnownFileType = sourcecode.swift; path = TimerViewController.swift; sourceTree = "<group>"; };
		4CECE5F41E9192B00019D640 /* GoogleService-Info.plist */ = {isa = PBXFileReference; fileEncoding = 4; lastKnownFileType = text.plist.xml; path = "GoogleService-Info.plist"; sourceTree = "<group>"; };
		4CF45AE31E7B0DF000768999 /* Geeni-iOS.app */ = {isa = PBXFileReference; explicitFileType = wrapper.application; includeInIndex = 0; path = "Geeni-iOS.app"; sourceTree = BUILT_PRODUCTS_DIR; };
		4CF45AE61E7B0DF000768999 /* AppDelegate.swift */ = {isa = PBXFileReference; lastKnownFileType = sourcecode.swift; path = AppDelegate.swift; sourceTree = "<group>"; };
		4CF45AEB1E7B0DF000768999 /* Base */ = {isa = PBXFileReference; lastKnownFileType = file.storyboard; name = Base; path = Base.lproj/Main.storyboard; sourceTree = "<group>"; };
		4CF45AED1E7B0DF000768999 /* Assets.xcassets */ = {isa = PBXFileReference; lastKnownFileType = folder.assetcatalog; path = Assets.xcassets; sourceTree = "<group>"; };
		4CF45AF01E7B0DF000768999 /* Base */ = {isa = PBXFileReference; lastKnownFileType = file.storyboard; name = Base; path = Base.lproj/LaunchScreen.storyboard; sourceTree = "<group>"; };
		4CF45AF21E7B0DF000768999 /* Info.plist */ = {isa = PBXFileReference; lastKnownFileType = text.plist.xml; path = Info.plist; sourceTree = "<group>"; };
		4CF45AF81E7B115F00768999 /* LoginViewController.swift */ = {isa = PBXFileReference; fileEncoding = 4; lastKnownFileType = sourcecode.swift; path = LoginViewController.swift; sourceTree = "<group>"; };
		5F551BC51F80170300D25B7A /* Colors.swift */ = {isa = PBXFileReference; lastKnownFileType = sourcecode.swift; path = Colors.swift; sourceTree = "<group>"; };
		5F551BC71F801D0E00D25B7A /* Messages.swift */ = {isa = PBXFileReference; lastKnownFileType = sourcecode.swift; path = Messages.swift; sourceTree = "<group>"; };
		5F551BC91F8025A100D25B7A /* NewPostTableViewContoller.swift */ = {isa = PBXFileReference; lastKnownFileType = sourcecode.swift; path = NewPostTableViewContoller.swift; sourceTree = "<group>"; };
		5F551BCB1F80D66700D25B7A /* BecomeTutorPartOneTableViewController.swift */ = {isa = PBXFileReference; lastKnownFileType = sourcecode.swift; path = BecomeTutorPartOneTableViewController.swift; sourceTree = "<group>"; };
		5F551BCE1F824FE200D25B7A /* ProfileImageXib.xib */ = {isa = PBXFileReference; lastKnownFileType = file.xib; path = ProfileImageXib.xib; sourceTree = "<group>"; };
		5F551BD01F825E7E00D25B7A /* ProfileImageXib.swift */ = {isa = PBXFileReference; lastKnownFileType = sourcecode.swift; path = ProfileImageXib.swift; sourceTree = "<group>"; };
		5F60F7B91F7E52F300233155 /* Extensions.swift */ = {isa = PBXFileReference; lastKnownFileType = sourcecode.swift; path = Extensions.swift; sourceTree = "<group>"; };
		5F69DD641F8286A700049786 /* Feedback.storyboard */ = {isa = PBXFileReference; lastKnownFileType = file.storyboard; path = Feedback.storyboard; sourceTree = "<group>"; };
		5F73DAFC1F83AE8100E76232 /* EachPostViewController.swift */ = {isa = PBXFileReference; lastKnownFileType = sourcecode.swift; path = EachPostViewController.swift; sourceTree = "<group>"; };
		5F73DAFF1F83AFE800E76232 /* PostDetailTableViewCell.swift */ = {isa = PBXFileReference; lastKnownFileType = sourcecode.swift; path = PostDetailTableViewCell.swift; sourceTree = "<group>"; };
		5F73DB011F83B00400E76232 /* PostResponseTableViewCell.swift */ = {isa = PBXFileReference; lastKnownFileType = sourcecode.swift; path = PostResponseTableViewCell.swift; sourceTree = "<group>"; };
		5F73DB031F83B39200E76232 /* PostImageTableViewCell.swift */ = {isa = PBXFileReference; lastKnownFileType = sourcecode.swift; path = PostImageTableViewCell.swift; sourceTree = "<group>"; };
		5FD17B771F828729000290B0 /* FeedbackViewController.swift */ = {isa = PBXFileReference; lastKnownFileType = sourcecode.swift; path = FeedbackViewController.swift; sourceTree = "<group>"; };
		5FD17B7A1F829352000290B0 /* Graphs.storyboard */ = {isa = PBXFileReference; lastKnownFileType = file.storyboard; path = Graphs.storyboard; sourceTree = "<group>"; };
		5FD57DD81F7EC12D00BAE233 /* Receipt.swift */ = {isa = PBXFileReference; lastKnownFileType = sourcecode.swift; path = Receipt.swift; sourceTree = "<group>"; };
		5FD57DDA1F7EC17500BAE233 /* WalletTableViewCell.swift */ = {isa = PBXFileReference; lastKnownFileType = sourcecode.swift; path = WalletTableViewCell.swift; sourceTree = "<group>"; };
		5FD57DDE1F7EC1D200BAE233 /* Settings.storyboard */ = {isa = PBXFileReference; lastKnownFileType = file.storyboard; path = Settings.storyboard; sourceTree = "<group>"; };
		5FD57DE01F7EC1FD00BAE233 /* SettingsTableViewController.swift */ = {isa = PBXFileReference; lastKnownFileType = sourcecode.swift; path = SettingsTableViewController.swift; sourceTree = "<group>"; };
		5FD57DE21F7EC42C00BAE233 /* PostTableViewCell.swift */ = {isa = PBXFileReference; lastKnownFileType = sourcecode.swift; path = PostTableViewCell.swift; sourceTree = "<group>"; };
		5FDCCF4E1F82694900B0BF8E /* PostDetailXib.xib */ = {isa = PBXFileReference; lastKnownFileType = file.xib; path = PostDetailXib.xib; sourceTree = "<group>"; };
		5FDCCF501F82695F00B0BF8E /* PostDetailXib.swift */ = {isa = PBXFileReference; lastKnownFileType = sourcecode.swift; path = PostDetailXib.swift; sourceTree = "<group>"; };
		6EBAEB2CA1C7CF6A6EBEA45E /* Pods-Geeni-iOS.debug.xcconfig */ = {isa = PBXFileReference; includeInIndex = 1; lastKnownFileType = text.xcconfig; name = "Pods-Geeni-iOS.debug.xcconfig"; path = "Pods/Target Support Files/Pods-Geeni-iOS/Pods-Geeni-iOS.debug.xcconfig"; sourceTree = "<group>"; };
		BFF9E2D3AD97B6DB4D737B3B /* Pods_Geeni_iOS.framework */ = {isa = PBXFileReference; explicitFileType = wrapper.framework; includeInIndex = 0; path = Pods_Geeni_iOS.framework; sourceTree = BUILT_PRODUCTS_DIR; };
		E2C728534B69344A2502220C /* Pods-Geeni-iOS.release.xcconfig */ = {isa = PBXFileReference; includeInIndex = 1; lastKnownFileType = text.xcconfig; name = "Pods-Geeni-iOS.release.xcconfig"; path = "Pods/Target Support Files/Pods-Geeni-iOS/Pods-Geeni-iOS.release.xcconfig"; sourceTree = "<group>"; };
/* End PBXFileReference section */

/* Begin PBXFrameworksBuildPhase section */
		4CF45AE01E7B0DF000768999 /* Frameworks */ = {
			isa = PBXFrameworksBuildPhase;
			buildActionMask = 2147483647;
			files = (
				5A03F38F49C52473E1BA2467 /* Pods_Geeni_iOS.framework in Frameworks */,
			);
			runOnlyForDeploymentPostprocessing = 0;
		};
/* End PBXFrameworksBuildPhase section */

/* Begin PBXGroup section */
		02D5748AA4DDFDAAC7AE7618 /* Frameworks */ = {
			isa = PBXGroup;
			children = (
				BFF9E2D3AD97B6DB4D737B3B /* Pods_Geeni_iOS.framework */,
			);
			name = Frameworks;
			sourceTree = "<group>";
		};
		4C682A861E90E55100DEA494 /* Custom Views */ = {
			isa = PBXGroup;
			children = (
			);
			name = "Custom Views";
			sourceTree = "<group>";
		};
		4C682A871E90E5D600DEA494 /* Become a Tutor */ = {
			isa = PBXGroup;
			children = (
				4C682A7E1E90D7B300DEA494 /* BecomeTutor.storyboard */,
				4C082A871E7E531A00EFD483 /* BecomeTutorPartTwoViewController.swift */,
				5F551BCB1F80D66700D25B7A /* BecomeTutorPartOneTableViewController.swift */,
			);
			name = "Become a Tutor";
			sourceTree = "<group>";
		};
		4C682A881E90E64300DEA494 /* New Post */ = {
			isa = PBXGroup;
			children = (
				4C682A931E90E6B100DEA494 /* NewPost.storyboard */,
				5F551BC91F8025A100D25B7A /* NewPostTableViewContoller.swift */,
			);
			name = "New Post";
			sourceTree = "<group>";
		};
		4C682A8B1E90E65E00DEA494 /* Login */ = {
			isa = PBXGroup;
			children = (
				4C682A8C1E90E66900DEA494 /* Login.storyboard */,
				4CF45AF81E7B115F00768999 /* LoginViewController.swift */,
			);
			name = Login;
			sourceTree = "<group>";
		};
		4C682A8E1E90E67B00DEA494 /* Payment Options */ = {
			isa = PBXGroup;
			children = (
				4C682A8F1E90E69100DEA494 /* AddCard.storyboard */,
				4C682A911E90E69A00DEA494 /* ListCard.storyboard */,
				4CCD80C21E7E48B9000644B1 /* AddCardViewController.swift */,
				4CECE5E31E9111EF0019D640 /* CardListTableViewController.swift */,
			);
			name = "Payment Options";
			sourceTree = "<group>";
		};
		4C682A951E90E6B700DEA494 /* Profile */ = {
			isa = PBXGroup;
			children = (
				4C682A891E90E65400DEA494 /* Profile.storyboard */,
				4C8F79941E9DDA1000C785C5 /* ProfileTableViewController.swift */,
			);
			name = Profile;
			sourceTree = "<group>";
		};
		4C682A981E90E6D000DEA494 /* News Feed */ = {
			isa = PBXGroup;
			children = (
				4C682A961E90E6CA00DEA494 /* NewsFeed.storyboard */,
				4C0D71001E90F59E00E7A108 /* NewsFeedViewController.swift */,
				5F73DAFC1F83AE8100E76232 /* EachPostViewController.swift */,
			);
			name = "News Feed";
			sourceTree = "<group>";
		};
		4C682A991E90E6E400DEA494 /* Networking */ = {
			isa = PBXGroup;
			children = (
				4C8F79961E9DDFE600C785C5 /* NetworkingCalls.swift */,
				4C8F79981E9DE31800C785C5 /* Model.swift */,
				4C8F799A1E9FEA6B00C785C5 /* Post.swift */,
				4C8F799C1EA003C000C785C5 /* User.swift */,
			);
			name = Networking;
			sourceTree = "<group>";
		};
		4C682A9A1E90E6F300DEA494 /* Side Menu */ = {
			isa = PBXGroup;
			children = (
				4C682A7C1E90D6BF00DEA494 /* SideMenu.storyboard */,
				4C082A891E7E5D1E00EFD483 /* SideMenuTableViewController.swift */,
			);
			name = "Side Menu";
			sourceTree = "<group>";
		};
		4C682A9B1E90E74F00DEA494 /* Reusable Code */ = {
			isa = PBXGroup;
			children = (
				2CAF613B1E7B229B00876C4D /* Utils.swift */,
				5F60F7B91F7E52F300233155 /* Extensions.swift */,
			);
			name = "Reusable Code";
			sourceTree = "<group>";
		};
		4CECE5D01E9104290019D640 /* Wallet */ = {
			isa = PBXGroup;
			children = (
				4CECE5D11E91043F0019D640 /* Wallet.storyboard */,
				4CECE5D31E91044F0019D640 /* WalletTableViewController.swift */,
			);
			name = Wallet;
			sourceTree = "<group>";
		};
		4CECE5D51E91046B0019D640 /* Messages */ = {
			isa = PBXGroup;
			children = (
				4CECE5D81E9104950019D640 /* Messages.storyboard */,
				4CECE5DA1E9104A90019D640 /* MessagesListTableViewController.swift */,
			);
			name = Messages;
			sourceTree = "<group>";
		};
		4CECE5DC1E9104E30019D640 /* Schedule */ = {
			isa = PBXGroup;
			children = (
				4CECE5DF1E9104FD0019D640 /* Schedule.storyboard */,
				4CECE5DD1E9104F20019D640 /* ScheduleTableViewController.swift */,
			);
			name = Schedule;
			sourceTree = "<group>";
		};
		4CECE5E71E9114E90019D640 /* Timer */ = {
			isa = PBXGroup;
			children = (
				4CECE5E81E9114FE0019D640 /* Timer.storyboard */,
				4CECE5EA1E9115170019D640 /* TimerViewController.swift */,
			);
			name = Timer;
			sourceTree = "<group>";
		};
		4CF45ADA1E7B0DF000768999 = {
			isa = PBXGroup;
			children = (
				4CF45AE51E7B0DF000768999 /* Geeni-iOS */,
				4CF45AE41E7B0DF000768999 /* Products */,
				EFEF87F36CEEB3DE0DAE9FF9 /* Pods */,
				02D5748AA4DDFDAAC7AE7618 /* Frameworks */,
			);
			sourceTree = "<group>";
		};
		4CF45AE41E7B0DF000768999 /* Products */ = {
			isa = PBXGroup;
			children = (
				4CF45AE31E7B0DF000768999 /* Geeni-iOS.app */,
			);
			name = Products;
			sourceTree = "<group>";
		};
		4CF45AE51E7B0DF000768999 /* Geeni-iOS */ = {
			isa = PBXGroup;
			children = (
				4CF45AEA1E7B0DF000768999 /* Main.storyboard */,
				4CF45AEF1E7B0DF000768999 /* LaunchScreen.storyboard */,
				4CF45AE61E7B0DF000768999 /* AppDelegate.swift */,
				5FD57DD51F7EC0F200BAE233 /* Model */,
				5FD57DD61F7EC0F900BAE233 /* View */,
				5FD57DD71F7EC0FD00BAE233 /* Controller */,
				4CF45AED1E7B0DF000768999 /* Assets.xcassets */,
				4CF45AF21E7B0DF000768999 /* Info.plist */,
				4CECE5F41E9192B00019D640 /* GoogleService-Info.plist */,
			);
			path = "Geeni-iOS";
			sourceTree = "<group>";
		};
		5F551BCD1F821C8500D25B7A /* xibFiles */ = {
			isa = PBXGroup;
			children = (
				5F551BCE1F824FE200D25B7A /* ProfileImageXib.xib */,
				5F551BD01F825E7E00D25B7A /* ProfileImageXib.swift */,
				5FDCCF4E1F82694900B0BF8E /* PostDetailXib.xib */,
				5FDCCF501F82695F00B0BF8E /* PostDetailXib.swift */,
			);
			name = xibFiles;
			sourceTree = "<group>";
		};
		5F69DD631F82869000049786 /* Feedback */ = {
			isa = PBXGroup;
			children = (
				5F69DD641F8286A700049786 /* Feedback.storyboard */,
				5FD17B771F828729000290B0 /* FeedbackViewController.swift */,
			);
			name = Feedback;
			sourceTree = "<group>";
		};
		5F73DAFE1F83AFC900E76232 /* PostTableViewCells */ = {
			isa = PBXGroup;
			children = (
				5F73DAFF1F83AFE800E76232 /* PostDetailTableViewCell.swift */,
				5F73DB011F83B00400E76232 /* PostResponseTableViewCell.swift */,
				5F73DB031F83B39200E76232 /* PostImageTableViewCell.swift */,
			);
			name = PostTableViewCells;
			sourceTree = "<group>";
		};
		5FD17B791F82933A000290B0 /* Graphs */ = {
			isa = PBXGroup;
			children = (
				5FD17B7A1F829352000290B0 /* Graphs.storyboard */,
			);
			name = Graphs;
			sourceTree = "<group>";
		};
		5FD57DD51F7EC0F200BAE233 /* Model */ = {
			isa = PBXGroup;
			children = (
				5FD57DD81F7EC12D00BAE233 /* Receipt.swift */,
				5F551BC71F801D0E00D25B7A /* Messages.swift */,
				4C682A991E90E6E400DEA494 /* Networking */,
			);
			name = Model;
			sourceTree = "<group>";
		};
		5FD57DD61F7EC0F900BAE233 /* View */ = {
			isa = PBXGroup;
			children = (
				4C682A861E90E55100DEA494 /* Custom Views */,
				5FD57DDA1F7EC17500BAE233 /* WalletTableViewCell.swift */,
				5FD57DE21F7EC42C00BAE233 /* PostTableViewCell.swift */,
				5F551BC51F80170300D25B7A /* Colors.swift */,
				5F73DAFE1F83AFC900E76232 /* PostTableViewCells */,
				4C682A9B1E90E74F00DEA494 /* Reusable Code */,
			);
			name = View;
			sourceTree = "<group>";
		};
		5FD57DD71F7EC0FD00BAE233 /* Controller */ = {
			isa = PBXGroup;
			children = (
				4CECE5DC1E9104E30019D640 /* Schedule */,
				4CECE5D51E91046B0019D640 /* Messages */,
				4C682A871E90E5D600DEA494 /* Become a Tutor */,
				4CECE5E71E9114E90019D640 /* Timer */,
				4C682A881E90E64300DEA494 /* New Post */,
				4C682A8E1E90E67B00DEA494 /* Payment Options */,
				4C682A951E90E6B700DEA494 /* Profile */,
				4C682A981E90E6D000DEA494 /* News Feed */,
				4C682A9A1E90E6F300DEA494 /* Side Menu */,
				5F69DD631F82869000049786 /* Feedback */,
				5FD17B791F82933A000290B0 /* Graphs */,
				4C682A8B1E90E65E00DEA494 /* Login */,
				4CECE5D01E9104290019D640 /* Wallet */,
				5F551BCD1F821C8500D25B7A /* xibFiles */,
				5FD57DDC1F7EC1B700BAE233 /* Settings */,
			);
			name = Controller;
			sourceTree = "<group>";
		};
		5FD57DDC1F7EC1B700BAE233 /* Settings */ = {
			isa = PBXGroup;
			children = (
				5FD57DDE1F7EC1D200BAE233 /* Settings.storyboard */,
				5FD57DE01F7EC1FD00BAE233 /* SettingsTableViewController.swift */,
			);
			name = Settings;
			sourceTree = "<group>";
		};
		EFEF87F36CEEB3DE0DAE9FF9 /* Pods */ = {
			isa = PBXGroup;
			children = (
				6EBAEB2CA1C7CF6A6EBEA45E /* Pods-Geeni-iOS.debug.xcconfig */,
				E2C728534B69344A2502220C /* Pods-Geeni-iOS.release.xcconfig */,
			);
			name = Pods;
			sourceTree = "<group>";
		};
/* End PBXGroup section */

/* Begin PBXNativeTarget section */
		4CF45AE21E7B0DF000768999 /* Geeni-iOS */ = {
			isa = PBXNativeTarget;
			buildConfigurationList = 4CF45AF51E7B0DF000768999 /* Build configuration list for PBXNativeTarget "Geeni-iOS" */;
			buildPhases = (
				0D7AAD91D43A2DB4EEE601BB /* [CP] Check Pods Manifest.lock */,
				4CF45ADF1E7B0DF000768999 /* Sources */,
				4CF45AE01E7B0DF000768999 /* Frameworks */,
				4CF45AE11E7B0DF000768999 /* Resources */,
				E8F6E5E870013DEDA1C44EE3 /* [CP] Embed Pods Frameworks */,
				E399152B5E27CBD2FFAAFB1A /* [CP] Copy Pods Resources */,
			);
			buildRules = (
			);
			dependencies = (
			);
			name = "Geeni-iOS";
			productName = "Geeni-iOS";
			productReference = 4CF45AE31E7B0DF000768999 /* Geeni-iOS.app */;
			productType = "com.apple.product-type.application";
		};
/* End PBXNativeTarget section */

/* Begin PBXProject section */
		4CF45ADB1E7B0DF000768999 /* Project object */ = {
			isa = PBXProject;
			attributes = {
				LastSwiftUpdateCheck = 0820;
				LastUpgradeCheck = 0820;
				ORGANIZATIONNAME = wiwen;
				TargetAttributes = {
					4CF45AE21E7B0DF000768999 = {
						CreatedOnToolsVersion = 8.2;
						DevelopmentTeam = 7Q7M69XNR3;
						ProvisioningStyle = Automatic;
					};
				};
			};
			buildConfigurationList = 4CF45ADE1E7B0DF000768999 /* Build configuration list for PBXProject "Geeni-iOS" */;
			compatibilityVersion = "Xcode 3.2";
			developmentRegion = English;
			hasScannedForEncodings = 0;
			knownRegions = (
				en,
				Base,
			);
			mainGroup = 4CF45ADA1E7B0DF000768999;
			productRefGroup = 4CF45AE41E7B0DF000768999 /* Products */;
			projectDirPath = "";
			projectRoot = "";
			targets = (
				4CF45AE21E7B0DF000768999 /* Geeni-iOS */,
			);
		};
/* End PBXProject section */

/* Begin PBXResourcesBuildPhase section */
		4CF45AE11E7B0DF000768999 /* Resources */ = {
			isa = PBXResourcesBuildPhase;
			buildActionMask = 2147483647;
			files = (
				4C682A7F1E90D7B300DEA494 /* BecomeTutor.storyboard in Resources */,
				5FD57DDF1F7EC1D200BAE233 /* Settings.storyboard in Resources */,
				4C682A971E90E6CA00DEA494 /* NewsFeed.storyboard in Resources */,
				4C682A8A1E90E65400DEA494 /* Profile.storyboard in Resources */,
				4C682A941E90E6B100DEA494 /* NewPost.storyboard in Resources */,
				4C682A921E90E69A00DEA494 /* ListCard.storyboard in Resources */,
				4CECE5D91E9104950019D640 /* Messages.storyboard in Resources */,
				5F69DD651F8286A700049786 /* Feedback.storyboard in Resources */,
				4CECE5D21E91043F0019D640 /* Wallet.storyboard in Resources */,
				4CECE5E91E9114FE0019D640 /* Timer.storyboard in Resources */,
				4CECE5E01E9104FD0019D640 /* Schedule.storyboard in Resources */,
				4C682A8D1E90E66900DEA494 /* Login.storyboard in Resources */,
				4C682A7D1E90D6BF00DEA494 /* SideMenu.storyboard in Resources */,
				4CECE5F51E9192B00019D640 /* GoogleService-Info.plist in Resources */,
				5FDCCF4F1F82694900B0BF8E /* PostDetailXib.xib in Resources */,
				4C682A901E90E69100DEA494 /* AddCard.storyboard in Resources */,
				5FD17B7B1F829352000290B0 /* Graphs.storyboard in Resources */,
				4CF45AF11E7B0DF000768999 /* LaunchScreen.storyboard in Resources */,
				4CF45AEE1E7B0DF000768999 /* Assets.xcassets in Resources */,
				5F551BCF1F824FE200D25B7A /* ProfileImageXib.xib in Resources */,
				4CF45AEC1E7B0DF000768999 /* Main.storyboard in Resources */,
			);
			runOnlyForDeploymentPostprocessing = 0;
		};
/* End PBXResourcesBuildPhase section */

/* Begin PBXShellScriptBuildPhase section */
		0D7AAD91D43A2DB4EEE601BB /* [CP] Check Pods Manifest.lock */ = {
			isa = PBXShellScriptBuildPhase;
			buildActionMask = 2147483647;
			files = (
			);
			inputPaths = (
				"${PODS_PODFILE_DIR_PATH}/Podfile.lock",
				"${PODS_ROOT}/Manifest.lock",
			);
			name = "[CP] Check Pods Manifest.lock";
			outputPaths = (
				"$(DERIVED_FILE_DIR)/Pods-Geeni-iOS-checkManifestLockResult.txt",
			);
			runOnlyForDeploymentPostprocessing = 0;
			shellPath = /bin/sh;
			shellScript = "diff \"${PODS_PODFILE_DIR_PATH}/Podfile.lock\" \"${PODS_ROOT}/Manifest.lock\" > /dev/null\nif [ $? != 0 ] ; then\n    # print error to STDERR\n    echo \"error: The sandbox is not in sync with the Podfile.lock. Run 'pod install' or update your CocoaPods installation.\" >&2\n    exit 1\nfi\n# This output is used by Xcode 'outputs' to avoid re-running this script phase.\necho \"SUCCESS\" > \"${SCRIPT_OUTPUT_FILE_0}\"\n";
			showEnvVarsInLog = 0;
		};
		E399152B5E27CBD2FFAAFB1A /* [CP] Copy Pods Resources */ = {
			isa = PBXShellScriptBuildPhase;
			buildActionMask = 2147483647;
			files = (
			);
			inputPaths = (
				"${SRCROOT}/Pods/Target Support Files/Pods-Geeni-iOS/Pods-Geeni-iOS-resources.sh",
				"${PODS_ROOT}/GoogleSignIn/Resources/GoogleSignIn.bundle",
			);
			name = "[CP] Copy Pods Resources";
			outputPaths = (
				"${TARGET_BUILD_DIR}/${UNLOCALIZED_RESOURCES_FOLDER_PATH}",
			);
			runOnlyForDeploymentPostprocessing = 0;
			shellPath = /bin/sh;
			shellScript = "\"${SRCROOT}/Pods/Target Support Files/Pods-Geeni-iOS/Pods-Geeni-iOS-resources.sh\"\n";
			showEnvVarsInLog = 0;
		};
		E8F6E5E870013DEDA1C44EE3 /* [CP] Embed Pods Frameworks */ = {
			isa = PBXShellScriptBuildPhase;
			buildActionMask = 2147483647;
			files = (
			);
			inputPaths = (
				"${SRCROOT}/Pods/Target Support Files/Pods-Geeni-iOS/Pods-Geeni-iOS-frameworks.sh",
				"${BUILT_PRODUCTS_DIR}/Alamofire/Alamofire.framework",
				"${BUILT_PRODUCTS_DIR}/CLTimer/CLTimer.framework",
				"${BUILT_PRODUCTS_DIR}/Cosmos/Cosmos.framework",
				"${BUILT_PRODUCTS_DIR}/GTMOAuth2/GTMOAuth2.framework",
				"${BUILT_PRODUCTS_DIR}/GTMSessionFetcher/GTMSessionFetcher.framework",
				"${BUILT_PRODUCTS_DIR}/Gloss/Gloss.framework",
				"${BUILT_PRODUCTS_DIR}/GoogleToolboxForMac/GoogleToolboxForMac.framework",
				"${BUILT_PRODUCTS_DIR}/KeychainAccess/KeychainAccess.framework",
				"${BUILT_PRODUCTS_DIR}/Kingfisher/Kingfisher.framework",
				"${BUILT_PRODUCTS_DIR}/SWRevealViewController/SWRevealViewController.framework",
				"${BUILT_PRODUCTS_DIR}/TKRadarChart/TKRadarChart.framework",
			);
			name = "[CP] Embed Pods Frameworks";
			outputPaths = (
				"${TARGET_BUILD_DIR}/${FRAMEWORKS_FOLDER_PATH}/Alamofire.framework",
				"${TARGET_BUILD_DIR}/${FRAMEWORKS_FOLDER_PATH}/CLTimer.framework",
				"${TARGET_BUILD_DIR}/${FRAMEWORKS_FOLDER_PATH}/Cosmos.framework",
				"${TARGET_BUILD_DIR}/${FRAMEWORKS_FOLDER_PATH}/GTMOAuth2.framework",
				"${TARGET_BUILD_DIR}/${FRAMEWORKS_FOLDER_PATH}/GTMSessionFetcher.framework",
				"${TARGET_BUILD_DIR}/${FRAMEWORKS_FOLDER_PATH}/Gloss.framework",
				"${TARGET_BUILD_DIR}/${FRAMEWORKS_FOLDER_PATH}/GoogleToolboxForMac.framework",
				"${TARGET_BUILD_DIR}/${FRAMEWORKS_FOLDER_PATH}/KeychainAccess.framework",
				"${TARGET_BUILD_DIR}/${FRAMEWORKS_FOLDER_PATH}/Kingfisher.framework",
				"${TARGET_BUILD_DIR}/${FRAMEWORKS_FOLDER_PATH}/SWRevealViewController.framework",
				"${TARGET_BUILD_DIR}/${FRAMEWORKS_FOLDER_PATH}/TKRadarChart.framework",
			);
			runOnlyForDeploymentPostprocessing = 0;
			shellPath = /bin/sh;
			shellScript = "\"${SRCROOT}/Pods/Target Support Files/Pods-Geeni-iOS/Pods-Geeni-iOS-frameworks.sh\"\n";
			showEnvVarsInLog = 0;
		};
/* End PBXShellScriptBuildPhase section */

/* Begin PBXSourcesBuildPhase section */
		4CF45ADF1E7B0DF000768999 /* Sources */ = {
			isa = PBXSourcesBuildPhase;
			buildActionMask = 2147483647;
			files = (
				4CECE5DE1E9104F20019D640 /* ScheduleTableViewController.swift in Sources */,
				4CECE5DB1E9104A90019D640 /* MessagesListTableViewController.swift in Sources */,
				5F551BCA1F8025A100D25B7A /* NewPostTableViewContoller.swift in Sources */,
				5FD57DDB1F7EC17500BAE233 /* WalletTableViewCell.swift in Sources */,
				5FD57DE11F7EC1FD00BAE233 /* SettingsTableViewController.swift in Sources */,
				5F73DB041F83B39200E76232 /* PostImageTableViewCell.swift in Sources */,
				4CCD80C31E7E48B9000644B1 /* AddCardViewController.swift in Sources */,
				4CECE5EB1E9115170019D640 /* TimerViewController.swift in Sources */,
				4C8F79951E9DDA1000C785C5 /* ProfileTableViewController.swift in Sources */,
				4CECE5D41E91044F0019D640 /* WalletTableViewController.swift in Sources */,
				4C8F79971E9DDFE600C785C5 /* NetworkingCalls.swift in Sources */,
				5F73DAFD1F83AE8100E76232 /* EachPostViewController.swift in Sources */,
				4C8F799B1E9FEA6B00C785C5 /* Post.swift in Sources */,
				5FDCCF511F82695F00B0BF8E /* PostDetailXib.swift in Sources */,
				5F551BCC1F80D66700D25B7A /* BecomeTutorPartOneTableViewController.swift in Sources */,
				5FD17B781F828729000290B0 /* FeedbackViewController.swift in Sources */,
				5F551BC81F801D0E00D25B7A /* Messages.swift in Sources */,
				5F73DB021F83B00400E76232 /* PostResponseTableViewCell.swift in Sources */,
				4CF45AF91E7B115F00768999 /* LoginViewController.swift in Sources */,
				5FD57DD91F7EC12D00BAE233 /* Receipt.swift in Sources */,
				4CECE5E41E9111EF0019D640 /* CardListTableViewController.swift in Sources */,
				4CF45AE71E7B0DF000768999 /* AppDelegate.swift in Sources */,
				5F73DB001F83AFE800E76232 /* PostDetailTableViewCell.swift in Sources */,
				4C8F79991E9DE31800C785C5 /* Model.swift in Sources */,
				2CAF613C1E7B229B00876C4D /* Utils.swift in Sources */,
				5F551BD11F825E7E00D25B7A /* ProfileImageXib.swift in Sources */,
				4C082A881E7E531A00EFD483 /* BecomeTutorPartTwoViewController.swift in Sources */,
				5F60F7BA1F7E52F300233155 /* Extensions.swift in Sources */,
				4C082A8A1E7E5D1E00EFD483 /* SideMenuTableViewController.swift in Sources */,
				5F551BC61F80170300D25B7A /* Colors.swift in Sources */,
				4C0D71011E90F59E00E7A108 /* NewsFeedViewController.swift in Sources */,
				4C8F799D1EA003C000C785C5 /* User.swift in Sources */,
				5FD57DE31F7EC42D00BAE233 /* PostTableViewCell.swift in Sources */,
			);
			runOnlyForDeploymentPostprocessing = 0;
		};
/* End PBXSourcesBuildPhase section */

/* Begin PBXVariantGroup section */
		4CF45AEA1E7B0DF000768999 /* Main.storyboard */ = {
			isa = PBXVariantGroup;
			children = (
				4CF45AEB1E7B0DF000768999 /* Base */,
			);
			name = Main.storyboard;
			sourceTree = "<group>";
		};
		4CF45AEF1E7B0DF000768999 /* LaunchScreen.storyboard */ = {
			isa = PBXVariantGroup;
			children = (
				4CF45AF01E7B0DF000768999 /* Base */,
			);
			name = LaunchScreen.storyboard;
			sourceTree = "<group>";
		};
/* End PBXVariantGroup section */

/* Begin XCBuildConfiguration section */
		4CF45AF31E7B0DF000768999 /* Debug */ = {
			isa = XCBuildConfiguration;
			buildSettings = {
				ALWAYS_SEARCH_USER_PATHS = NO;
				CLANG_ANALYZER_NONNULL = YES;
				CLANG_CXX_LANGUAGE_STANDARD = "gnu++0x";
				CLANG_CXX_LIBRARY = "libc++";
				CLANG_ENABLE_MODULES = YES;
				CLANG_ENABLE_OBJC_ARC = YES;
				CLANG_WARN_BOOL_CONVERSION = YES;
				CLANG_WARN_CONSTANT_CONVERSION = YES;
				CLANG_WARN_DIRECT_OBJC_ISA_USAGE = YES_ERROR;
				CLANG_WARN_DOCUMENTATION_COMMENTS = YES;
				CLANG_WARN_EMPTY_BODY = YES;
				CLANG_WARN_ENUM_CONVERSION = YES;
				CLANG_WARN_INFINITE_RECURSION = YES;
				CLANG_WARN_INT_CONVERSION = YES;
				CLANG_WARN_OBJC_ROOT_CLASS = YES_ERROR;
				CLANG_WARN_SUSPICIOUS_MOVE = YES;
				CLANG_WARN_UNREACHABLE_CODE = YES;
				CLANG_WARN__DUPLICATE_METHOD_MATCH = YES;
				"CODE_SIGN_IDENTITY[sdk=iphoneos*]" = "iPhone Developer";
				COPY_PHASE_STRIP = NO;
				DEBUG_INFORMATION_FORMAT = dwarf;
				ENABLE_STRICT_OBJC_MSGSEND = YES;
				ENABLE_TESTABILITY = YES;
				GCC_C_LANGUAGE_STANDARD = gnu99;
				GCC_DYNAMIC_NO_PIC = NO;
				GCC_NO_COMMON_BLOCKS = YES;
				GCC_OPTIMIZATION_LEVEL = 0;
				GCC_PREPROCESSOR_DEFINITIONS = (
					"DEBUG=1",
					"$(inherited)",
				);
				GCC_WARN_64_TO_32_BIT_CONVERSION = YES;
				GCC_WARN_ABOUT_RETURN_TYPE = YES_ERROR;
				GCC_WARN_UNDECLARED_SELECTOR = YES;
				GCC_WARN_UNINITIALIZED_AUTOS = YES_AGGRESSIVE;
				GCC_WARN_UNUSED_FUNCTION = YES;
				GCC_WARN_UNUSED_VARIABLE = YES;
				IPHONEOS_DEPLOYMENT_TARGET = 10.2;
				MTL_ENABLE_DEBUG_INFO = YES;
				ONLY_ACTIVE_ARCH = YES;
				SDKROOT = iphoneos;
				SWIFT_ACTIVE_COMPILATION_CONDITIONS = DEBUG;
				SWIFT_OPTIMIZATION_LEVEL = "-Onone";
				SWIFT_VERSION = 3.0;
			};
			name = Debug;
		};
		4CF45AF41E7B0DF000768999 /* Release */ = {
			isa = XCBuildConfiguration;
			buildSettings = {
				ALWAYS_SEARCH_USER_PATHS = NO;
				CLANG_ANALYZER_NONNULL = YES;
				CLANG_CXX_LANGUAGE_STANDARD = "gnu++0x";
				CLANG_CXX_LIBRARY = "libc++";
				CLANG_ENABLE_MODULES = YES;
				CLANG_ENABLE_OBJC_ARC = YES;
				CLANG_WARN_BOOL_CONVERSION = YES;
				CLANG_WARN_CONSTANT_CONVERSION = YES;
				CLANG_WARN_DIRECT_OBJC_ISA_USAGE = YES_ERROR;
				CLANG_WARN_DOCUMENTATION_COMMENTS = YES;
				CLANG_WARN_EMPTY_BODY = YES;
				CLANG_WARN_ENUM_CONVERSION = YES;
				CLANG_WARN_INFINITE_RECURSION = YES;
				CLANG_WARN_INT_CONVERSION = YES;
				CLANG_WARN_OBJC_ROOT_CLASS = YES_ERROR;
				CLANG_WARN_SUSPICIOUS_MOVE = YES;
				CLANG_WARN_UNREACHABLE_CODE = YES;
				CLANG_WARN__DUPLICATE_METHOD_MATCH = YES;
				"CODE_SIGN_IDENTITY[sdk=iphoneos*]" = "iPhone Developer";
				COPY_PHASE_STRIP = NO;
				DEBUG_INFORMATION_FORMAT = "dwarf-with-dsym";
				ENABLE_NS_ASSERTIONS = NO;
				ENABLE_STRICT_OBJC_MSGSEND = YES;
				GCC_C_LANGUAGE_STANDARD = gnu99;
				GCC_NO_COMMON_BLOCKS = YES;
				GCC_WARN_64_TO_32_BIT_CONVERSION = YES;
				GCC_WARN_ABOUT_RETURN_TYPE = YES_ERROR;
				GCC_WARN_UNDECLARED_SELECTOR = YES;
				GCC_WARN_UNINITIALIZED_AUTOS = YES_AGGRESSIVE;
				GCC_WARN_UNUSED_FUNCTION = YES;
				GCC_WARN_UNUSED_VARIABLE = YES;
				IPHONEOS_DEPLOYMENT_TARGET = 10.2;
				MTL_ENABLE_DEBUG_INFO = NO;
				SDKROOT = iphoneos;
				SWIFT_OPTIMIZATION_LEVEL = "-Owholemodule";
				SWIFT_VERSION = 3.0;
				VALIDATE_PRODUCT = YES;
			};
			name = Release;
		};
		4CF45AF61E7B0DF000768999 /* Debug */ = {
			isa = XCBuildConfiguration;
			baseConfigurationReference = 6EBAEB2CA1C7CF6A6EBEA45E /* Pods-Geeni-iOS.debug.xcconfig */;
			buildSettings = {
				ASSETCATALOG_COMPILER_APPICON_NAME = AppIcon;
				DEVELOPMENT_TEAM = 7Q7M69XNR3;
				INFOPLIST_FILE = "Geeni-iOS/Info.plist";
				IPHONEOS_DEPLOYMENT_TARGET = 10.0;
				LD_RUNPATH_SEARCH_PATHS = "$(inherited) @executable_path/Frameworks";
				PRODUCT_BUNDLE_IDENTIFIER = "com.wiwen.Geeni-iOS";
				PRODUCT_NAME = "$(TARGET_NAME)";
				SWIFT_VERSION = 3.0;
			};
			name = Debug;
		};
		4CF45AF71E7B0DF000768999 /* Release */ = {
			isa = XCBuildConfiguration;
			baseConfigurationReference = E2C728534B69344A2502220C /* Pods-Geeni-iOS.release.xcconfig */;
			buildSettings = {
				ASSETCATALOG_COMPILER_APPICON_NAME = AppIcon;
				DEVELOPMENT_TEAM = 7Q7M69XNR3;
				INFOPLIST_FILE = "Geeni-iOS/Info.plist";
				IPHONEOS_DEPLOYMENT_TARGET = 10.0;
				LD_RUNPATH_SEARCH_PATHS = "$(inherited) @executable_path/Frameworks";
				PRODUCT_BUNDLE_IDENTIFIER = "com.wiwen.Geeni-iOS";
				PRODUCT_NAME = "$(TARGET_NAME)";
				SWIFT_VERSION = 3.0;
			};
			name = Release;
		};
/* End XCBuildConfiguration section */

/* Begin XCConfigurationList section */
		4CF45ADE1E7B0DF000768999 /* Build configuration list for PBXProject "Geeni-iOS" */ = {
			isa = XCConfigurationList;
			buildConfigurations = (
				4CF45AF31E7B0DF000768999 /* Debug */,
				4CF45AF41E7B0DF000768999 /* Release */,
			);
			defaultConfigurationIsVisible = 0;
			defaultConfigurationName = Release;
		};
		4CF45AF51E7B0DF000768999 /* Build configuration list for PBXNativeTarget "Geeni-iOS" */ = {
			isa = XCConfigurationList;
			buildConfigurations = (
				4CF45AF61E7B0DF000768999 /* Debug */,
				4CF45AF71E7B0DF000768999 /* Release */,
			);
			defaultConfigurationIsVisible = 0;
			defaultConfigurationName = Release;
		};
/* End XCConfigurationList section */
	};
	rootObject = 4CF45ADB1E7B0DF000768999 /* Project object */;
}
